# Generated by conda-lock.
# platform: linux-64
# input_hash: 48d0346922dd23c29957dc56fa972a27c20d3597a3d182d8a4d5eefc4a86e597
@EXPLICIT
https://conda.anaconda.org/conda-forge/linux-64/_libgcc_mutex-0.1-conda_forge.tar.bz2#d7c89558ba9fa0495403155b64376d81
https://conda.anaconda.org/conda-forge/linux-64/ca-certificates-2023.5.7-hbcca054_0.conda#f5c65075fc34438d5b456c7f3f5ab695
https://conda.anaconda.org/conda-forge/noarch/font-ttf-dejavu-sans-mono-2.37-hab24e00_0.tar.bz2#0c96522c6bdaed4b1566d11387caaf45
https://conda.anaconda.org/conda-forge/noarch/font-ttf-inconsolata-3.000-h77eed37_0.tar.bz2#34893075a5c9e55cdafac56607368fc6
https://conda.anaconda.org/conda-forge/noarch/font-ttf-source-code-pro-2.038-h77eed37_0.tar.bz2#4d59c254e01d9cde7957100457e2d5fb
https://conda.anaconda.org/conda-forge/noarch/font-ttf-ubuntu-0.83-hab24e00_0.tar.bz2#19410c3df09dfb12d1206132a1d357c5
https://conda.anaconda.org/conda-forge/linux-64/ld_impl_linux-64-2.40-h41732ed_0.conda#7aca3059a1729aa76c597603f10b0dd3
https://conda.anaconda.org/conda-forge/linux-64/libgfortran5-13.1.0-h15d22d2_0.conda#afb656a334c409dd9805508af1c89c7a
https://conda.anaconda.org/conda-forge/linux-64/libstdcxx-ng-13.1.0-hfd8a6a1_0.conda#067bcc23164642f4c226da631f2a2e1d
https://conda.anaconda.org/conda-forge/noarch/poppler-data-0.4.12-hd8ed1ab_0.conda#d8d7293c5b37f39b2ac32940621c6592
https://conda.anaconda.org/conda-forge/linux-64/python_abi-3.9-3_cp39.conda#0dd193187d54e585cac7eab942a8847e
https://conda.anaconda.org/conda-forge/noarch/tzdata-2023c-h71feb2d_0.conda#939e3e74d8be4dac89ce83b20de2492a
https://conda.anaconda.org/conda-forge/noarch/fonts-conda-forge-1-0.tar.bz2#f766549260d6815b0c52253f1fb1bb29
https://conda.anaconda.org/conda-forge/linux-64/libgfortran-ng-13.1.0-h69a702a_0.conda#506dc07710dd5b0ba63cbf134897fc10
https://conda.anaconda.org/conda-forge/linux-64/libgomp-13.1.0-he5830b7_0.conda#56ca14d57ac29a75d23a39eb3ee0ddeb
https://conda.anaconda.org/conda-forge/linux-64/_openmp_mutex-4.5-2_gnu.tar.bz2#73aaf86a425cc6e73fcf236a5a46396d
https://conda.anaconda.org/conda-forge/noarch/fonts-conda-ecosystem-1-0.tar.bz2#fee5683a3f04bd15cbd8318b096a27ab
https://conda.anaconda.org/conda-forge/linux-64/libgcc-ng-13.1.0-he5830b7_0.conda#cd93f779ff018dd85c7544c015c9db3c
https://conda.anaconda.org/conda-forge/linux-64/alsa-lib-1.2.8-h166bdaf_0.tar.bz2#be733e69048951df1e4b4b7bb8c7666f
https://conda.anaconda.org/conda-forge/linux-64/attr-2.5.1-h166bdaf_1.tar.bz2#d9c69a24ad678ffce24c6543a0176b00
https://conda.anaconda.org/conda-forge/linux-64/bzip2-1.0.8-h7f98852_4.tar.bz2#a1fd65c7ccbf10880423d82bca54eb54
https://conda.anaconda.org/conda-forge/linux-64/c-ares-1.19.1-hd590300_0.conda#e8c18d865be43e2fb3f7a145b6adf1f5
https://conda.anaconda.org/conda-forge/linux-64/fftw-3.3.10-nompi_hc118613_108.conda#6fa90698000b05dfe8ce6515794fe71a
https://conda.anaconda.org/conda-forge/linux-64/freexl-1.0.6-h166bdaf_1.tar.bz2#897e772a157faf3330d72dd291486f62
https://conda.anaconda.org/conda-forge/linux-64/geos-3.11.0-h27087fc_0.tar.bz2#a583d0bc9a85c48e8b07a588d1ac8a80
https://conda.anaconda.org/conda-forge/linux-64/gettext-0.21.1-h27087fc_0.tar.bz2#14947d8770185e5153fdd04d4673ed37
https://conda.anaconda.org/conda-forge/linux-64/giflib-5.2.1-h0b41bf4_3.conda#96f3b11872ef6fad973eac856cd2624f
https://conda.anaconda.org/conda-forge/linux-64/gstreamer-orc-0.4.34-hd590300_0.conda#7ea223fa114cc8134b8c4d398d3e5afe
https://conda.anaconda.org/conda-forge/linux-64/icu-70.1-h27087fc_0.tar.bz2#87473a15119779e021c314249d4b4aed
https://conda.anaconda.org/conda-forge/linux-64/jpeg-9e-h0b41bf4_3.conda#c7a069243e1fbe9a556ed2ec030e6407
https://conda.anaconda.org/conda-forge/linux-64/json-c-0.16-hc379101_0.tar.bz2#0e2bca6857cb73acec30387fef7c3142
https://conda.anaconda.org/conda-forge/linux-64/keyutils-1.6.1-h166bdaf_0.tar.bz2#30186d27e2c9fa62b45fb1476b7200e3
https://conda.anaconda.org/conda-forge/linux-64/lame-3.100-h166bdaf_1003.tar.bz2#a8832b479f93521a9e7b5b743803be51
https://conda.anaconda.org/conda-forge/linux-64/lerc-4.0.0-h27087fc_0.tar.bz2#76bbff344f0134279f225174e9064c8f
https://conda.anaconda.org/conda-forge/linux-64/libbrotlicommon-1.0.9-h166bdaf_9.conda#61641e239f96eae2b8492dc7e755828c
https://conda.anaconda.org/conda-forge/linux-64/libdb-6.2.32-h9c3ff4c_0.tar.bz2#3f3258d8f841fbac63b36b75bdac1afd
https://conda.anaconda.org/conda-forge/linux-64/libdeflate-1.14-h166bdaf_0.tar.bz2#fc84a0446e4e4fb882e78d786cfb9734
https://conda.anaconda.org/conda-forge/linux-64/libev-4.33-h516909a_1.tar.bz2#6f8720dff19e17ce5d48cfe7f3d2f0a3
https://conda.anaconda.org/conda-forge/linux-64/libexpat-2.5.0-hcb278e6_1.conda#6305a3dd2752c76335295da4e581f2fd
https://conda.anaconda.org/conda-forge/linux-64/libffi-3.4.2-h7f98852_5.tar.bz2#d645c6d2ac96843a2bfaccd2d62b3ac3
https://conda.anaconda.org/conda-forge/linux-64/libiconv-1.17-h166bdaf_0.tar.bz2#b62b52da46c39ee2bc3c162ac7f1804d
https://conda.anaconda.org/conda-forge/linux-64/libnsl-2.0.0-h7f98852_0.tar.bz2#39b1328babf85c7c3a61636d9cd50206
https://conda.anaconda.org/conda-forge/linux-64/libogg-1.3.4-h7f98852_1.tar.bz2#6e8cc2173440d77708196c5b93771680
https://conda.anaconda.org/conda-forge/linux-64/libopenblas-0.3.23-pthreads_h80387f5_0.conda#9c5ea51ccb8ffae7d06c645869d24ce6
https://conda.anaconda.org/conda-forge/linux-64/libopus-1.3.1-h7f98852_1.tar.bz2#15345e56d527b330e1cacbdf58676e8f
https://conda.anaconda.org/conda-forge/linux-64/libspatialindex-1.9.3-h9c3ff4c_4.tar.bz2#d87fbe9c0ff589e802ff13872980bfd9
https://conda.anaconda.org/conda-forge/linux-64/libtool-2.4.7-h27087fc_0.conda#f204c8ba400ec475452737094fb81d52
https://conda.anaconda.org/conda-forge/linux-64/libudev1-253-h0b41bf4_0.conda#6c2addbd9aa4ee47c76d50c9f0df8cd6
https://conda.anaconda.org/conda-forge/linux-64/libuuid-2.38.1-h0b41bf4_0.conda#40b61aab5c7ba9ff276c41cfffe6b80b
https://conda.anaconda.org/conda-forge/linux-64/libwebp-base-1.3.0-h0b41bf4_0.conda#0d4a7508d8c6c65314f2b9c1f56ad408
https://conda.anaconda.org/conda-forge/linux-64/libzlib-1.2.13-hd590300_5.conda#f36c115f1ee199da648e0597ec2047ad
https://conda.anaconda.org/conda-forge/linux-64/lz4-c-1.9.4-hcb278e6_0.conda#318b08df404f9c9be5712aaa5a6f0bb0
https://conda.anaconda.org/conda-forge/linux-64/mpg123-1.31.3-hcb278e6_0.conda#141a126675b6d1a4eabb111a4a353898
https://conda.anaconda.org/conda-forge/linux-64/ncurses-6.4-hcb278e6_0.conda#681105bccc2a3f7f1a837d47d39c9179
https://conda.anaconda.org/conda-forge/linux-64/nspr-4.35-h27087fc_0.conda#da0ec11a6454ae19bff5b02ed881a2b1
https://conda.anaconda.org/conda-forge/linux-64/openssl-1.1.1u-hd590300_0.conda#cc1c2db83ae28a28871d52b035739488
https://conda.anaconda.org/conda-forge/linux-64/pcre-8.45-h9c3ff4c_0.tar.bz2#c05d1820a6d34ff07aaaab7a9b7eddaa
https://conda.anaconda.org/conda-forge/linux-64/pixman-0.40.0-h36c2ea0_0.tar.bz2#660e72c82f2e75a6b3fe6a6e75c79f19
https://conda.anaconda.org/conda-forge/linux-64/pthread-stubs-0.4-h36c2ea0_1001.tar.bz2#22dad4df6e8630e8dff2428f6f6a7036
https://conda.anaconda.org/conda-forge/linux-64/snappy-1.1.10-h9fff704_0.conda#e6d228cd0bb74a51dd18f5bfce0b4115
https://conda.anaconda.org/conda-forge/linux-64/tzcode-2023c-h0b41bf4_0.conda#0c0533894f21c3d35697cb8378d390e2
https://conda.anaconda.org/conda-forge/linux-64/xkeyboard-config-2.38-h0b41bf4_0.conda#9ac34337e5101a87e5d91da05d84aa48
https://conda.anaconda.org/conda-forge/linux-64/xorg-kbproto-1.0.7-h7f98852_1002.tar.bz2#4b230e8381279d76131116660f5a241a
https://conda.anaconda.org/conda-forge/linux-64/xorg-libice-1.1.1-hd590300_0.conda#b462a33c0be1421532f28bfe8f4a7514
https://conda.anaconda.org/conda-forge/linux-64/xorg-libxau-1.0.11-hd590300_0.conda#2c80dc38fface310c9bd81b17037fee5
https://conda.anaconda.org/conda-forge/linux-64/xorg-libxdmcp-1.1.3-h7f98852_0.tar.bz2#be93aabceefa2fac576e971aef407908
https://conda.anaconda.org/conda-forge/linux-64/xorg-renderproto-0.11.1-h7f98852_1002.tar.bz2#06feff3d2634e3097ce2fe681474b534
https://conda.anaconda.org/conda-forge/linux-64/xorg-xextproto-7.3.0-h0b41bf4_1003.conda#bce9f945da8ad2ae9b1d7165a64d0f87
https://conda.anaconda.org/conda-forge/linux-64/xorg-xproto-7.0.31-h7f98852_1007.tar.bz2#b4a4381d54784606820704f7b5f05a15
https://conda.anaconda.org/conda-forge/linux-64/xz-5.2.6-h166bdaf_0.tar.bz2#2161070d867d1b1204ea749c8eec4ef0
https://conda.anaconda.org/conda-forge/linux-64/yaml-0.2.5-h7f98852_2.tar.bz2#4cb3ad778ec2d5a7acbdf254eb1c42ae
https://conda.anaconda.org/conda-forge/linux-64/expat-2.5.0-hcb278e6_1.conda#8b9b5aca60558d02ddaa09d599e55920
https://conda.anaconda.org/conda-forge/linux-64/jack-1.9.22-h11f4161_0.conda#504fa9e712b99494a9cf4630e3ca7d78
https://conda.anaconda.org/conda-forge/linux-64/libblas-3.9.0-17_linux64_openblas.conda#57fb44770b1bc832fb2dbefa1bd502de
https://conda.anaconda.org/conda-forge/linux-64/libbrotlidec-1.0.9-h166bdaf_9.conda#081aa22f4581c08e4372b0b6c2f8478e
https://conda.anaconda.org/conda-forge/linux-64/libbrotlienc-1.0.9-h166bdaf_9.conda#1f0a03af852a9659ed2bf08f2f1704fd
https://conda.anaconda.org/conda-forge/linux-64/libcap-2.66-ha37c62d_0.tar.bz2#2d7665abd0997f1a6d4b7596bc27b657
https://conda.anaconda.org/conda-forge/linux-64/libedit-3.1.20191231-he28a2e2_2.tar.bz2#4d331e44109e3f0e19b4cb8f9b82f3e1
https://conda.anaconda.org/conda-forge/linux-64/libevent-2.1.10-h9b69904_4.tar.bz2#390026683aef81db27ff1b8570ca1336
https://conda.anaconda.org/conda-forge/linux-64/libflac-1.4.3-h59595ed_0.conda#ee48bf17cc83a00f59ca1494d5646869
https://conda.anaconda.org/conda-forge/linux-64/libgpg-error-1.47-h71f35ed_0.conda#c2097d0b46367996f09b4e8e4920384a
https://conda.anaconda.org/conda-forge/linux-64/libllvm14-14.0.6-hcd5def8_3.conda#5c159aa79cab06c55aabcecdd9117f31
https://conda.anaconda.org/conda-forge/linux-64/libnghttp2-1.51.0-hdcd2b5c_0.conda#c42b460bae0365fb9777b1ff9d09a554
https://conda.anaconda.org/conda-forge/linux-64/libpng-1.6.39-h753d276_0.conda#e1c890aebdebbfbf87e2c917187b4416
https://conda.anaconda.org/conda-forge/linux-64/librttopo-1.1.0-hf730bdb_11.tar.bz2#13b2138ccfbd9821fe13ee0cb7471c03
https://conda.anaconda.org/conda-forge/linux-64/libsqlite-3.42.0-h2797004_0.conda#fdaae20a1cf7cd62130a0973190a31b7
https://conda.anaconda.org/conda-forge/linux-64/libssh2-1.10.0-haa6b8db_3.tar.bz2#89acee135f0809a18a1f4537390aa2dd
https://conda.anaconda.org/conda-forge/linux-64/libvorbis-1.3.7-h9c3ff4c_0.tar.bz2#309dec04b70a3cc0f1e84a4013683bc0
https://conda.anaconda.org/conda-forge/linux-64/libxcb-1.13-h7f98852_1004.tar.bz2#b3653fdc58d03face9724f602218a904
https://conda.anaconda.org/conda-forge/linux-64/libxml2-2.10.3-hca2bb57_4.conda#bb808b654bdc3c783deaf107a2ffb503
https://conda.anaconda.org/conda-forge/linux-64/libzip-1.9.2-hc869a4a_1.tar.bz2#7a268cf1386d271e576e35ae82149ef2
https://conda.anaconda.org/conda-forge/linux-64/mysql-common-8.0.32-h14678bc_0.conda#25af35815c0cdf5a80afc04a2fb67407
https://conda.anaconda.org/conda-forge/linux-64/pcre2-10.40-hc3806b6_0.tar.bz2#69e2c796349cd9b273890bee0febfe1b
https://conda.anaconda.org/conda-forge/linux-64/readline-8.2-h8228510_1.conda#47d31b792659ce70f470b5c82fdfb7a4
https://conda.anaconda.org/conda-forge/linux-64/tk-8.6.12-h27826a3_0.tar.bz2#5b8c42eb62e9fc961af70bdd6a26e168
https://conda.anaconda.org/conda-forge/linux-64/xorg-libsm-1.2.4-h7391055_0.conda#93ee23f12bc2e684548181256edd2cf6
https://conda.anaconda.org/conda-forge/linux-64/zlib-1.2.13-hd590300_5.conda#68c34ec6149623be41a1933ab996a209
https://conda.anaconda.org/conda-forge/linux-64/zstd-1.5.2-h3eb15da_6.conda#6b63daed8feeca47be78f323e793d555
https://conda.anaconda.org/conda-forge/linux-64/blosc-1.21.4-h0f2a231_0.conda#876286b5941933a0f558777e57d883cc
https://conda.anaconda.org/conda-forge/linux-64/boost-cpp-1.78.0-h5adbc97_2.conda#09be6b4c66c7881e2b24214c6f6841c9
https://conda.anaconda.org/conda-forge/linux-64/brotli-bin-1.0.9-h166bdaf_9.conda#d47dee1856d9cb955b8076eeff304a5b
https://conda.anaconda.org/conda-forge/linux-64/freetype-2.12.1-hca18f0e_1.conda#e1232042de76d24539a436d37597eb06
https://conda.anaconda.org/conda-forge/linux-64/hdf4-4.2.15-h9772cbc_5.tar.bz2#ee08782aff2ff9b3291c967fa6bc7336
https://conda.anaconda.org/conda-forge/linux-64/krb5-1.19.3-h3790be6_0.tar.bz2#7d862b05445123144bec92cb1acc8ef8
https://conda.anaconda.org/conda-forge/linux-64/libcblas-3.9.0-17_linux64_openblas.conda#7ef0969b00fe3d6eef56a8151d3afb29
https://conda.anaconda.org/conda-forge/linux-64/libgcrypt-1.10.1-h166bdaf_0.tar.bz2#f967fc95089cd247ceed56eda31de3a9
https://conda.anaconda.org/conda-forge/linux-64/libglib-2.76.3-hebfc3b9_0.conda#a64f11b244b2c112cd3fa1cbe9493999
https://conda.anaconda.org/conda-forge/linux-64/liblapack-3.9.0-17_linux64_openblas.conda#a2103882c46492e26500fcb56c03de8b
https://conda.anaconda.org/conda-forge/linux-64/libllvm15-15.0.7-hadd5161_1.conda#17d91085ccf5934ce652cb448d0cb65a
https://conda.anaconda.org/conda-forge/linux-64/libsndfile-1.2.0-hb75c966_0.conda#c648d19cd9c8625898d5d370414de7c7
https://conda.anaconda.org/conda-forge/linux-64/libtiff-4.4.0-h82bc61c_5.conda#e712a63a21f9db647982971dc121cdcf
https://conda.anaconda.org/conda-forge/linux-64/libxkbcommon-1.5.0-h79f4944_1.conda#04a39cdd663f295653fc143851830563
https://conda.anaconda.org/conda-forge/linux-64/mysql-libs-8.0.32-h54cf53e_0.conda#de25cc32a88d37a753a729fda6629d95
https://conda.anaconda.org/conda-forge/linux-64/nss-3.89-he45b914_0.conda#2745719a58eeaab6657256a3f142f099
https://conda.anaconda.org/conda-forge/linux-64/sqlite-3.42.0-h2c6b66d_0.conda#1192f6ec654a5bc4ee1d64bdc4a3e5cc
https://conda.anaconda.org/conda-forge/linux-64/xcb-util-0.4.0-h166bdaf_0.tar.bz2#384e7fcb3cd162ba3e4aed4b687df566
https://conda.anaconda.org/conda-forge/linux-64/xcb-util-keysyms-0.4.0-h166bdaf_0.tar.bz2#637054603bb7594302e3bf83f0a99879
https://conda.anaconda.org/conda-forge/linux-64/xcb-util-renderutil-0.3.9-h166bdaf_0.tar.bz2#732e22f1741bccea861f5668cf7342a7
https://conda.anaconda.org/conda-forge/linux-64/xcb-util-wm-0.4.1-h166bdaf_0.tar.bz2#0a8e20a8aef954390b9481a527421a8c
https://conda.anaconda.org/conda-forge/linux-64/xorg-libx11-1.8.4-h0b41bf4_0.conda#ea8fbfeb976ac49cbeb594e985393514
https://conda.anaconda.org/conda-forge/linux-64/brotli-1.0.9-h166bdaf_9.conda#4601544b4982ba1861fa9b9c607b2c06
https://conda.anaconda.org/conda-forge/linux-64/dbus-1.13.6-h5008d03_3.tar.bz2#ecfff944ba3960ecb334b9a2663d708d
https://conda.anaconda.org/conda-forge/linux-64/fontconfig-2.14.2-h14ed4e7_0.conda#0f69b688f52ff6da70bccb7ff7001d1d
https://conda.anaconda.org/conda-forge/linux-64/glib-tools-2.76.3-hfc55251_0.conda#8951eedf3cdf94dd733c1b5eee1f4880
https://conda.anaconda.org/conda-forge/linux-64/lcms2-2.14-h6ed2654_0.tar.bz2#dcc588839de1445d90995a0a2c4f3a39
https://conda.anaconda.org/conda-forge/linux-64/libclang13-15.0.7-default_h9986a30_2.conda#907344cee64101d44d806bbe0fccb01d
https://conda.anaconda.org/conda-forge/linux-64/libcups-2.3.3-h3e49a29_2.tar.bz2#3b88f1d0fe2580594d58d7e44d664617
https://conda.anaconda.org/conda-forge/linux-64/libcurl-7.86.0-h7bff187_1.tar.bz2#5e5f33d81f31598d87f9b849f73c30e3
https://conda.anaconda.org/conda-forge/linux-64/libkml-1.3.0-h37653c0_1015.tar.bz2#37d3747dd24d604f63d2610910576e63
https://conda.anaconda.org/conda-forge/linux-64/libpq-14.5-h72a31a5_3.conda#6b62b741be927f72a238ed39c6e8289e
https://conda.anaconda.org/conda-forge/linux-64/libsystemd0-252-h2a991cd_0.tar.bz2#3c5ae9f61f663b3d5e1bf7f7da0c85f5
https://conda.anaconda.org/conda-forge/linux-64/openjpeg-2.5.0-h7d73246_1.tar.bz2#a11b4df9271a8d7917686725aa04c8f2
https://conda.anaconda.org/conda-forge/linux-64/python-3.9.13-h9a8a25e_0_cpython.tar.bz2#69bc307cc4d7396c5fccb26bbcc9c379
https://conda.anaconda.org/conda-forge/linux-64/xcb-util-image-0.4.0-h166bdaf_0.tar.bz2#c9b568bd804cb2903c6be6f5f68182e4
https://conda.anaconda.org/conda-forge/linux-64/xorg-libxext-1.3.4-h0b41bf4_2.conda#82b6df12252e6f32402b96dacc656fec
https://conda.anaconda.org/conda-forge/linux-64/xorg-libxrender-0.9.10-h7f98852_1003.tar.bz2#f59c1242cc1dd93e72c2ee2b360979eb
https://conda.anaconda.org/conda-forge/noarch/affine-2.4.0-pyhd8ed1ab_0.conda#ae5f4ad87126c55ba3f690ef07f81d64
https://conda.anaconda.org/conda-forge/noarch/appdirs-1.4.4-pyh9f0ad1d_0.tar.bz2#5f095bc6454094e96f146491fd03633b
https://conda.anaconda.org/conda-forge/noarch/asciitree-0.3.3-py_2.tar.bz2#c0481c9de49f040272556e2cedf42816
https://conda.anaconda.org/conda-forge/noarch/attrs-23.1.0-pyh71513ae_1.conda#3edfead7cedd1ab4400a6c588f3e75f8
https://conda.anaconda.org/conda-forge/linux-64/cairo-1.16.0-ha61ee94_1014.tar.bz2#d1a88f3ed5b52e1024b80d4bcd26a7a0
https://conda.anaconda.org/conda-forge/noarch/certifi-2023.5.7-pyhd8ed1ab_0.conda#5d1b71c942b8421285934dad1d891ebc
https://conda.anaconda.org/conda-forge/linux-64/cfitsio-4.1.0-hd9d235c_0.tar.bz2#ebc04a148d7204bb428f8633b89fd3dd
https://conda.anaconda.org/conda-forge/noarch/charset-normalizer-3.1.0-pyhd8ed1ab_0.conda#7fcff9f6f123696e940bda77bd4d6551
https://conda.anaconda.org/conda-forge/noarch/click-8.1.3-unix_pyhd8ed1ab_2.tar.bz2#20e4087407c7cb04a40817114b333dbf
https://conda.anaconda.org/conda-forge/noarch/cloudpickle-2.2.1-pyhd8ed1ab_0.conda#b325bfc4cff7d7f8a868f1f7ecc4ed16
https://conda.anaconda.org/conda-forge/noarch/colorama-0.4.6-pyhd8ed1ab_0.tar.bz2#3faab06a954c2a04039983f2c4a50d99
https://conda.anaconda.org/conda-forge/linux-64/curl-7.86.0-h7bff187_1.tar.bz2#bc9567c50833f4b0d36b25caca7b34f8
https://conda.anaconda.org/conda-forge/noarch/cycler-0.11.0-pyhd8ed1ab_0.tar.bz2#a50559fad0affdbb33729a68669ca1cb
https://conda.anaconda.org/conda-forge/noarch/entrypoints-0.4-pyhd8ed1ab_0.tar.bz2#3cf04868fee0a029769bd41f4b2fbf2d
https://conda.anaconda.org/conda-forge/noarch/fasteners-0.17.3-pyhd8ed1ab_0.tar.bz2#348e27e78a5e39090031448c72f66d5e
https://conda.anaconda.org/conda-forge/noarch/fastprogress-1.0.3-pyhd8ed1ab_0.tar.bz2#1690639d3647fde6edf4f00c8f87c263
https://conda.anaconda.org/conda-forge/linux-64/frozenlist-1.3.3-py39hb9d737c_0.tar.bz2#e5e0bc1285c83d925b42ad139adca58f
https://conda.anaconda.org/conda-forge/noarch/fsspec-2022.8.2-pyhd8ed1ab_0.tar.bz2#140dc6615896e7d4be1059a63370be93
https://conda.anaconda.org/conda-forge/linux-64/glib-2.76.3-hfc55251_0.conda#950e02f5665f5f4ff0437a6acba58798
https://conda.anaconda.org/conda-forge/linux-64/hdf5-1.12.2-nompi_h2386368_100.tar.bz2#b014a5f912e0193783e48086b7bb3995
https://conda.anaconda.org/conda-forge/noarch/idna-3.4-pyhd8ed1ab_0.tar.bz2#34272b248891bddccc64479f9a7fffed
https://conda.anaconda.org/conda-forge/noarch/iniconfig-2.0.0-pyhd8ed1ab_0.conda#f800d2da156d08e289b14e87e43c1ae5
https://conda.anaconda.org/conda-forge/noarch/jmespath-1.0.1-pyhd8ed1ab_0.tar.bz2#2cfa3e1cf3fb51bb9b17acc5b5e9ea11
https://conda.anaconda.org/conda-forge/linux-64/kiwisolver-1.4.4-py39hf939315_1.tar.bz2#41679a052a8ce841c74df1ebc802e411
https://conda.anaconda.org/conda-forge/linux-64/libclang-15.0.7-default_h7634d5b_2.conda#1a4fe5162abe4a19b5a9dedf158a0ff9
https://conda.anaconda.org/conda-forge/linux-64/llvmlite-0.40.1-py39h174d805_0.conda#45c73f595cf0675c480be9a413100b92
https://conda.anaconda.org/conda-forge/noarch/locket-1.0.0-pyhd8ed1ab_0.tar.bz2#91e27ef3d05cc772ce627e51cff111c4
https://conda.anaconda.org/conda-forge/linux-64/lz4-4.3.2-py39h724f13c_0.conda#c2c31bf17fa6b19094709472ed6580fe
https://conda.anaconda.org/conda-forge/linux-64/markupsafe-2.1.3-py39hd1e30aa_0.conda#9c858d105816f454c6b64f3e19184b60
https://conda.anaconda.org/conda-forge/linux-64/msgpack-python-1.0.5-py39h4b4f3f3_0.conda#413374bab5022a5199c5dd89aef75df5
https://conda.anaconda.org/conda-forge/linux-64/multidict-6.0.4-py39h72bdee0_0.conda#85d78bf46da38d726c8c6bec78f90fa8
https://conda.anaconda.org/conda-forge/noarch/munkres-1.1.4-pyh9f0ad1d_0.tar.bz2#2ba8498c1018c1e9c61eb99b973dfe19
https://conda.anaconda.org/conda-forge/noarch/networkx-3.1-pyhd8ed1ab_0.conda#254f787d5068bc89f578bf63893ce8b4
https://conda.anaconda.org/conda-forge/linux-64/numpy-1.23.3-py39hba7629e_0.tar.bz2#320e25179733ec4a2ecffcebc8abbc80
https://conda.anaconda.org/conda-forge/noarch/packaging-23.1-pyhd8ed1ab_0.conda#91cda59e66e1e4afe9476f8ef98f5c30
https://conda.anaconda.org/conda-forge/noarch/param-1.12.2-pyh6c4a22f_0.tar.bz2#60a819edb91839a58e8f0349eae6445d
https://conda.anaconda.org/conda-forge/linux-64/pillow-9.2.0-py39hf3a2cdf_3.tar.bz2#2bd111c38da69056e5fe25a51b832eba
https://conda.anaconda.org/conda-forge/noarch/pluggy-1.2.0-pyhd8ed1ab_0.conda#7263924c642d22e311d9e59b839f1b33
https://conda.anaconda.org/conda-forge/noarch/ply-3.11-py_1.tar.bz2#7205635cd71531943440fbfe3b6b5727
https://conda.anaconda.org/conda-forge/linux-64/postgresql-14.5-h5bbe9e2_3.conda#ca07f175a3fb333a7d54e50cdbec34cb
https://conda.anaconda.org/conda-forge/linux-64/proj-9.0.1-h93bde94_1.tar.bz2#8259528ea471b0963a91ce174f002e55
https://conda.anaconda.org/conda-forge/linux-64/psutil-5.9.2-py39hb9d737c_0.tar.bz2#1e7ffe59e21862559e06b981817e5058
https://conda.anaconda.org/conda-forge/linux-64/pulseaudio-16.1-h4ab2085_1.conda#5a3c2296c2b45f74fb2fd946cb107b3f
https://conda.anaconda.org/conda-forge/noarch/py-1.11.0-pyh6c4a22f_0.tar.bz2#b4613d7e7a493916d867842a6a148054
https://conda.anaconda.org/conda-forge/noarch/pycparser-2.21-pyhd8ed1ab_0.tar.bz2#076becd9e05608f8dc72757d5f3a91ff
https://conda.anaconda.org/conda-forge/noarch/pyparsing-3.1.0-pyhd8ed1ab_0.conda#d3ed087d1f7f8f5590e8e87b57a8ce64
https://conda.anaconda.org/conda-forge/noarch/pyshp-2.3.1-pyhd8ed1ab_0.tar.bz2#92a889dc236a5197612bc85bee6d7174
https://conda.anaconda.org/conda-forge/noarch/pysocks-1.7.1-pyha2e5f31_6.tar.bz2#2a7de29fb590ca14b5243c4c812c8025
https://conda.anaconda.org/conda-forge/noarch/pytz-2023.3-pyhd8ed1ab_0.conda#d3076b483092a435832603243567bc31
https://conda.anaconda.org/conda-forge/linux-64/pyyaml-6.0-py39hb9d737c_5.tar.bz2#ef9db3c38ae7275f6b14491cfe61a248
https://conda.anaconda.org/conda-forge/linux-64/rtree-1.0.1-py39hb102c33_1.tar.bz2#b3813b718ca1da036a48e3fe1db3edd8
https://conda.anaconda.org/conda-forge/noarch/setuptools-68.0.0-pyhd8ed1ab_0.conda#5a7739d0f57ee64133c9d32e6507c46d
https://conda.anaconda.org/conda-forge/noarch/six-1.16.0-pyh6c4a22f_0.tar.bz2#e5f25f8dbc060e9a8d912e432202afc2
https://conda.anaconda.org/conda-forge/noarch/sortedcontainers-2.4.0-pyhd8ed1ab_0.tar.bz2#6d6552722448103793743dabfbda532d
https://conda.anaconda.org/conda-forge/noarch/tblib-1.7.0-pyhd8ed1ab_0.tar.bz2#3d4afc31302aa7be471feb6be048ed76
https://conda.anaconda.org/conda-forge/noarch/threadpoolctl-3.1.0-pyh8a188c0_0.tar.bz2#a2995ee828f65687ac5b1e71a2ab1e0c
https://conda.anaconda.org/conda-forge/noarch/toml-0.10.2-pyhd8ed1ab_0.tar.bz2#f832c45a477c78bebd107098db465095
https://conda.anaconda.org/conda-forge/noarch/tomli-2.0.1-pyhd8ed1ab_0.tar.bz2#5844808ffab9ebdb694585b50ba02a96
https://conda.anaconda.org/conda-forge/noarch/toolz-0.12.0-pyhd8ed1ab_0.tar.bz2#92facfec94bc02d6ccf42e7173831a36
https://conda.anaconda.org/conda-forge/linux-64/tornado-6.3.2-py39hd1e30aa_0.conda#da334eecb1ea2248e28294c49e6f6d89
https://conda.anaconda.org/conda-forge/noarch/traitlets-5.9.0-pyhd8ed1ab_0.conda#d0b4f5c87cd35ac3fb3d47b223263a64
https://conda.anaconda.org/conda-forge/noarch/typing_extensions-4.6.3-pyha770c72_0.conda#4a3014a4d107d15475d106b751c4e352
https://conda.anaconda.org/conda-forge/linux-64/unicodedata2-15.0.0-py39hb9d737c_0.tar.bz2#230d65004135bf312504a1bbcb0c7a08
https://conda.anaconda.org/conda-forge/noarch/webencodings-0.5.1-py_1.tar.bz2#3563be4c5611a44210d9ba0c16113136
https://conda.anaconda.org/conda-forge/noarch/wheel-0.40.0-pyhd8ed1ab_0.conda#49bb0d9e60ce1db25e151780331bb5f3
https://conda.anaconda.org/conda-forge/linux-64/wrapt-1.15.0-py39h72bdee0_0.conda#6bafe9bada45b1188748b658b8a6c5cf
https://conda.anaconda.org/conda-forge/linux-64/xerces-c-3.2.4-h55805fa_1.tar.bz2#d127dc8efe24033b306180939e51e6af
https://conda.anaconda.org/conda-forge/noarch/xyzservices-2023.5.0-pyhd8ed1ab_1.conda#232ea5ed580a598cdf887a890c29b629
https://conda.anaconda.org/conda-forge/noarch/zict-3.0.0-pyhd8ed1ab_0.conda#cf30c2c15b82aacb07f9c09e28ff2275
https://conda.anaconda.org/conda-forge/noarch/zipp-3.15.0-pyhd8ed1ab_0.conda#13018819ca8f5b7cc675a8faf1f5fedf
https://conda.anaconda.org/conda-forge/noarch/aioitertools-0.11.0-pyhd8ed1ab_0.tar.bz2#59c40397276a286241c65faec5e1be3c
https://conda.anaconda.org/conda-forge/noarch/aiosignal-1.3.1-pyhd8ed1ab_0.tar.bz2#d1e1eb7e21a9e2c74279d87dafb68156
https://conda.anaconda.org/conda-forge/noarch/bleach-6.0.0-pyhd8ed1ab_0.conda#d48b143d01385872a88ef8417e96c30e
https://conda.anaconda.org/conda-forge/linux-64/cffi-1.15.1-py39he91dace_3.conda#20080319ef73fbad74dcd6d62f2a3ffe
https://conda.anaconda.org/conda-forge/linux-64/cftime-1.6.2-py39h2ae25f5_1.tar.bz2#c943fb9a2818ecc5be1e0ecc8b7738f1
https://conda.anaconda.org/conda-forge/noarch/click-plugins-1.1.1-py_0.tar.bz2#4fd2c6b53934bd7d96d1f3fdaf99b79f
https://conda.anaconda.org/conda-forge/noarch/cligj-0.7.2-pyhd8ed1ab_1.tar.bz2#a29b7c141d6b2de4bb67788a5f107734
https://conda.anaconda.org/conda-forge/linux-64/contourpy-1.1.0-py39h7633fee_0.conda#54e6f32e448fdc273606011f0940d076
https://conda.anaconda.org/conda-forge/linux-64/cytoolz-0.12.0-py39hb9d737c_1.tar.bz2#eb31327ace8dac15c2df243d9505a132
https://conda.anaconda.org/conda-forge/linux-64/fonttools-4.40.0-py39hd1e30aa_0.conda#5f7c468bf9d9551a80187db7e809ef1f
https://conda.anaconda.org/conda-forge/linux-64/geotiff-1.7.1-h4fc65e6_3.tar.bz2#dc47fc3ed22615992f89effadd512988
https://conda.anaconda.org/conda-forge/linux-64/gstreamer-1.21.3-h25f0c4b_1.conda#0c8a8f15aa319c91d9010072278feddd
https://conda.anaconda.org/conda-forge/noarch/importlib-metadata-6.7.0-pyha770c72_0.conda#ba3786c6846e46038fe60c785d46dc81
https://conda.anaconda.org/conda-forge/noarch/importlib_resources-5.12.0-pyhd8ed1ab_0.conda#e5fd2260a231ee63b6969f4801082f2b
https://conda.anaconda.org/conda-forge/noarch/jinja2-3.1.2-pyhd8ed1ab_1.tar.bz2#c8490ed5c70966d232fdd389d0dbed37
https://conda.anaconda.org/conda-forge/noarch/joblib-1.2.0-pyhd8ed1ab_0.tar.bz2#7583652522d71ad78ba536bba06940eb
https://conda.anaconda.org/conda-forge/linux-64/kealib-1.4.15-ha7026e8_1.tar.bz2#085b1e5ae7fa9a236f88a68eae65374e
https://conda.anaconda.org/conda-forge/linux-64/libdap4-3.20.6-hd7c4107_2.tar.bz2#c265ae57e3acdc891f3e2b93cf6784f5
https://conda.anaconda.org/conda-forge/linux-64/libnetcdf-4.8.1-nompi_h261ec11_106.tar.bz2#9b25de670ce5753a33c18b1090d1d3bf
https://conda.anaconda.org/conda-forge/linux-64/libspatialite-5.0.1-hd36657c_19.tar.bz2#d7f5e67dd5cd58da7b78489183e96070
https://conda.anaconda.org/conda-forge/noarch/multipledispatch-0.6.0-py_0.tar.bz2#1073dc92c8f247d94ac14dd79ca0bbec
https://conda.anaconda.org/conda-forge/noarch/munch-3.0.0-pyhd8ed1ab_0.conda#3d5fa8396d78c916d51fb1c6cda24945
https://conda.anaconda.org/conda-forge/linux-64/numba-0.57.1-py39hb75a051_0.conda#2a79819971cb69857ec9edc33e278515
https://conda.anaconda.org/conda-forge/linux-64/numcodecs-0.11.0-py39h227be39_1.conda#c6f97054bce6090c7e22413e1d27f79c
https://conda.anaconda.org/conda-forge/noarch/partd-1.4.0-pyhd8ed1ab_0.conda#721dab5803ea92ce02ddc4ee50aa0c48
https://conda.anaconda.org/conda-forge/noarch/pint-0.22-pyhd8ed1ab_1.conda#a719c3f3959c529e558e9ed9f98c3f30
https://conda.anaconda.org/conda-forge/noarch/pip-23.1.2-pyhd8ed1ab_0.conda#7288da0d36821349cf1126e8670292df
https://conda.anaconda.org/conda-forge/linux-64/poppler-22.10.0-h92391eb_0.tar.bz2#8c00d4aa14790bce1a4d1f57e50dbee8
https://conda.anaconda.org/conda-forge/noarch/pyct-core-0.4.6-py_0.tar.bz2#55ec526f95e0959de3f68bc6289a20da
https://conda.anaconda.org/conda-forge/linux-64/pygeos-0.13-py39h5b5020f_1.tar.bz2#e16dfe727e370575d4223d9ddadb6df8
https://conda.anaconda.org/conda-forge/linux-64/pyproj-3.4.0-py39hdcf6798_0.tar.bz2#18648adb862018566fd43a2b65a00d03
https://conda.anaconda.org/conda-forge/linux-64/pytest-7.1.3-py39hf3d152e_0.tar.bz2#b807481ba94ec32bc742f2fe775d0bff
https://conda.anaconda.org/conda-forge/noarch/python-dateutil-2.8.2-pyhd8ed1ab_0.tar.bz2#dd999d1cc9f79e67dbb855c8924c7984
https://conda.anaconda.org/conda-forge/noarch/pyviz_comms-2.3.2-pyhd8ed1ab_0.conda#7c85b365bd17652f66a961446a963b40
https://conda.anaconda.org/conda-forge/linux-64/scipy-1.9.1-py39h8ba3f38_0.tar.bz2#beed054d4979cd70690aea2b257a6d55
https://conda.anaconda.org/conda-forge/linux-64/shapely-1.8.4-py39h68ae834_0.tar.bz2#e871ee7de5bfa95095256e95e30be2a6
https://conda.anaconda.org/conda-forge/linux-64/sip-6.7.9-py39h3d6467e_0.conda#6d990f672cc70e5c480ddb74b789a17c
https://conda.anaconda.org/conda-forge/noarch/snuggs-1.4.7-py_0.tar.bz2#cb83a3d6ecf73f50117635192414426a
https://conda.anaconda.org/conda-forge/linux-64/tiledb-2.11.3-h1e4a385_1.tar.bz2#c6a23c5ef2bfb2b9c25d8ddc556ebb99
https://conda.anaconda.org/conda-forge/noarch/tqdm-4.65.0-pyhd8ed1ab_1.conda#ed792aff3acb977d09c7013358097f83
https://conda.anaconda.org/conda-forge/noarch/typing-extensions-4.6.3-hd8ed1ab_0.conda#3876f650ed7d0f95d70fa4b647621909
https://conda.anaconda.org/conda-forge/linux-64/yarl-1.9.2-py39hd1e30aa_0.conda#453d1199297e5ac3f6b70bd92f0bb000
https://conda.anaconda.org/conda-forge/noarch/async-timeout-4.0.2-pyhd8ed1ab_0.tar.bz2#25e79f9a1133556671becbd65a170c78
https://conda.anaconda.org/conda-forge/noarch/bokeh-2.4.3-pyhd8ed1ab_3.tar.bz2#e4c6e6d99add99cede5328d811cacb21
https://conda.anaconda.org/conda-forge/noarch/branca-0.6.0-pyhd8ed1ab_0.tar.bz2#f4cc65697763ef8c2f7555f1ec355a6b
https://conda.anaconda.org/conda-forge/linux-64/brotlipy-0.7.0-py39hb9d737c_1005.tar.bz2#a639fdd9428d8b25f8326a3838d54045
https://conda.anaconda.org/conda-forge/linux-64/cryptography-39.0.0-py39hd598818_0.conda#8b8923de82864744f8150b6307f4039a
https://conda.anaconda.org/conda-forge/noarch/dask-core-2023.3.0-pyhd8ed1ab_0.conda#34437340f37faafad7a6287d3b624f60
https://conda.anaconda.org/conda-forge/noarch/datashape-0.5.4-py_1.tar.bz2#50ddfce434ea596fc4497085f403a9d5
https://conda.anaconda.org/conda-forge/linux-64/gst-plugins-base-1.21.3-h4243ec0_1.conda#905563d166c13ba299e39d6c9fcebd1c
https://conda.anaconda.org/conda-forge/linux-64/libgdal-3.5.2-h91cfbaa_4.tar.bz2#85662b4d75e67e70a39474d1a8871afa
https://conda.anaconda.org/conda-forge/noarch/markdown-3.4.3-pyhd8ed1ab_0.conda#89ed59ad509c05db6f5f2f573d499bfe
https://conda.anaconda.org/conda-forge/linux-64/matplotlib-base-3.6.0-py39hf9fd14e_0.tar.bz2#bdc55b4069ab9d2f938525c4cf90def0
https://conda.anaconda.org/conda-forge/linux-64/netcdf4-1.6.2-nompi_py39hfaa66c4_100.tar.bz2#b5f2db23900499e96f88e39199ffc7b8
https://conda.anaconda.org/conda-forge/linux-64/pandas-1.5.0-py39h4661b88_0.tar.bz2#ae807099430cd22b09b869b0536425b7
https://conda.anaconda.org/conda-forge/noarch/platformdirs-3.8.0-pyhd8ed1ab_0.conda#3e4aca765371893ad848397794600632
https://conda.anaconda.org/conda-forge/linux-64/pydantic-1.10.9-py39hd1e30aa_0.conda#86b64954a7735da9fed884c6c7d06711
https://conda.anaconda.org/conda-forge/linux-64/pyqt5-sip-12.11.0-py39h227be39_3.conda#9e381db00691e26bcf670c3586397be1
https://conda.anaconda.org/conda-forge/linux-64/scikit-learn-1.2.2-py39hc236052_2.conda#43894d2ed4e587557e536d3e4ef93f73
https://conda.anaconda.org/conda-forge/noarch/zarr-2.15.0-pyhd8ed1ab_0.conda#2e6414d548b4433d564fed1177d30281
https://conda.anaconda.org/conda-forge/linux-64/aiohttp-3.8.4-py39hd1e30aa_1.conda#21e7462fc6c4657ad728a443f1634011
https://conda.anaconda.org/conda-forge/linux-64/cartopy-0.21.0-py39hfafebef_2.tar.bz2#b41d44bd3b8202c3f8732b761b7e44d4
https://conda.anaconda.org/conda-forge/linux-64/gdal-3.5.2-py39h92c1d47_4.tar.bz2#4e5a393d608fdeeee867446ff79c4a1d
https://conda.anaconda.org/conda-forge/noarch/geopandas-base-0.11.1-pyha770c72_0.tar.bz2#5926cac706ea9c090e8cc72cd80dee83
https://conda.anaconda.org/conda-forge/noarch/mapclassify-2.5.0-pyhd8ed1ab_1.conda#db1aeaff6e248db425e049feffded7a9
https://conda.anaconda.org/conda-forge/noarch/pyopenssl-23.2.0-pyhd8ed1ab_1.conda#34f7d568bf59d18e3fef8c405cbece21
https://conda.anaconda.org/conda-forge/linux-64/qt-main-5.15.6-h7acdfc8_2.conda#7ec7d259b6d725ca952d40e2355e192c
https://conda.anaconda.org/conda-forge/linux-64/rasterio-1.3.3-py39h498ee8f_0.tar.bz2#cd7d7e16ed4197b690e830c5587b6d34
https://conda.anaconda.org/conda-forge/noarch/xarray-2022.6.0-pyhd8ed1ab_1.tar.bz2#ab3a191d1754bc69a6f61879c92fa7e1
https://conda.anaconda.org/conda-forge/linux-64/fiona-1.8.22-py39h80939cc_0.tar.bz2#2b328b9f2e4334c8b5b5ed86149460f0
https://conda.anaconda.org/conda-forge/noarch/pint-xarray-0.3-pyhd8ed1ab_0.tar.bz2#d748055363d88b1e90b5ba316982e165
https://conda.anaconda.org/conda-forge/linux-64/pyqt-5.15.7-py39h5c7b992_3.conda#19e30314fe824605750da905febb8ee6
https://conda.anaconda.org/conda-forge/noarch/rioxarray-0.12.2-pyhd8ed1ab_0.tar.bz2#b2231b44e6654783d434a498ca14ccce
https://conda.anaconda.org/conda-forge/noarch/urllib3-1.26.15-pyhd8ed1ab_0.conda#27db656619a55d727eaf5a6ece3d2fd6
https://conda.anaconda.org/conda-forge/noarch/botocore-1.27.59-pyhd8ed1ab_0.tar.bz2#3faabd8720a81a91566e6c01bf7bbacb
https://conda.anaconda.org/conda-forge/noarch/distributed-2023.3.0-pyhd8ed1ab_0.conda#6ca8ed418961a91d76965268b6f4aa5b
https://conda.anaconda.org/conda-forge/linux-64/matplotlib-3.6.0-py39hf3d152e_0.tar.bz2#93f29e4d6f852de18384412b0e0d03b5
https://conda.anaconda.org/conda-forge/noarch/requests-2.31.0-pyhd8ed1ab_0.conda#a30144e4156cdbb236f99ebb49828f8b
https://conda.anaconda.org/conda-forge/noarch/xmip-0.6.1rc0-pyhd8ed1ab_0.tar.bz2#dce392f467e3d2fe96a347d3da054d4e
https://conda.anaconda.org/conda-forge/noarch/aiobotocore-2.4.0-pyhd8ed1ab_0.tar.bz2#9adcdcd7539afff88018c18b650dee50
https://conda.anaconda.org/conda-forge/noarch/dask-2023.3.0-pyhd8ed1ab_0.conda#aab5cea04004860e804de5bb3337f183
https://conda.anaconda.org/conda-forge/noarch/folium-0.14.0-pyhd8ed1ab_0.conda#48c8bb19df0d0268f1a9d30ffc56c5b0
https://conda.anaconda.org/conda-forge/noarch/pooch-1.7.0-pyha770c72_3.conda#5936894aade8240c867d292aa0d980c6
https://conda.anaconda.org/conda-forge/noarch/pyct-0.4.6-py_0.tar.bz2#42d91c89bc3993ec88681cffd3c0e326
https://conda.anaconda.org/conda-forge/noarch/colorcet-3.0.1-pyhd8ed1ab_0.tar.bz2#1e424f22b3e2713068fe12d57f2dec5b
https://conda.anaconda.org/conda-forge/noarch/geopandas-0.11.1-pyhd8ed1ab_0.tar.bz2#22ee242115979b9762df981ccc9b1e3a
https://conda.anaconda.org/conda-forge/noarch/intake-0.6.6-pyhd8ed1ab_0.tar.bz2#1dc29fb9182b0f3ce935a8bd4c341ed5
https://conda.anaconda.org/conda-forge/noarch/metpy-1.3.1-pyhd8ed1ab_0.tar.bz2#dbcbccf599fe707308e506205dc488aa
https://conda.anaconda.org/conda-forge/noarch/panel-0.13.1-pyhd8ed1ab_0.tar.bz2#8a7cff754d33392fab1ee29696682013
https://conda.anaconda.org/conda-forge/noarch/s3fs-2022.8.2-pyhd8ed1ab_0.tar.bz2#6b2985bc632aa85aa7977028d7974e81
https://conda.anaconda.org/conda-forge/noarch/datashader-0.15.0-pyhd8ed1ab_0.conda#adb1da69c960c07797b02fbf98a819bb
https://conda.anaconda.org/conda-forge/noarch/holoviews-1.15.0-pyhd8ed1ab_0.tar.bz2#2cadea9986f780ed5812a7e46fe0f29e
https://conda.anaconda.org/conda-forge/noarch/intake-esm-2022.9.18-pyhd8ed1ab_0.tar.bz2#821a4e9dbb2c98ee0be773d542279ea3
https://conda.anaconda.org/conda-forge/noarch/intake-geopandas-0.4.0-pyhd8ed1ab_0.tar.bz2#5d6429a927d1ef3c0d26d81f5d7b31f0
https://conda.anaconda.org/conda-forge/noarch/intake-xarray-0.6.1-pyhd8ed1ab_0.tar.bz2#6cc318952c249b55ae83f8a994342672
https://conda.anaconda.org/conda-forge/noarch/geoviews-core-1.9.5-pyha770c72_0.tar.bz2#8bd65a48d838db0a95c3ca14728c3fb5
https://conda.anaconda.org/conda-forge/noarch/hvplot-0.8.1-pyhd8ed1ab_0.tar.bz2#403a9b6d427ce1143caae6f17c625302
https://conda.anaconda.org/conda-forge/noarch/geoviews-1.9.5-pyhd8ed1ab_0.tar.bz2#f9007ce7406219eb1a4f521dbfd193e7
