# Generated by conda-lock.
# platform: win-64
# input_hash: 7bd58a806853b8ee025b40a688b141934889a45a6771ff622df89d33f8a98e68
@EXPLICIT
https://conda.anaconda.org/conda-forge/win-64/ca-certificates-2023.5.7-h56e8100_0.conda#604212634bd8c4d6f20d44b946e8eedb
https://conda.anaconda.org/conda-forge/noarch/font-ttf-dejavu-sans-mono-2.37-hab24e00_0.tar.bz2#0c96522c6bdaed4b1566d11387caaf45
https://conda.anaconda.org/conda-forge/noarch/font-ttf-inconsolata-3.000-h77eed37_0.tar.bz2#34893075a5c9e55cdafac56607368fc6
https://conda.anaconda.org/conda-forge/noarch/font-ttf-source-code-pro-2.038-h77eed37_0.tar.bz2#4d59c254e01d9cde7957100457e2d5fb
https://conda.anaconda.org/conda-forge/noarch/font-ttf-ubuntu-0.83-hab24e00_0.tar.bz2#19410c3df09dfb12d1206132a1d357c5
https://conda.anaconda.org/conda-forge/win-64/intel-openmp-2023.1.0-h57928b3_46319.conda#dbc4636f419722fbf3ab6501377228ba
https://conda.anaconda.org/conda-forge/win-64/libexpat-2.5.0-h63175ca_1.conda#636cc3cbbd2e28bcfd2f73b2044aac2c
https://conda.anaconda.org/conda-forge/win-64/msys2-conda-epoch-20160418-1.tar.bz2#b0309b72560df66f71a9d5e34a5efdfa
https://conda.anaconda.org/conda-forge/noarch/poppler-data-0.4.12-hd8ed1ab_0.conda#d8d7293c5b37f39b2ac32940621c6592
https://conda.anaconda.org/conda-forge/win-64/python_abi-3.9-3_cp39.conda#c7f654abbee61f9a03f54e9064e79e89
https://conda.anaconda.org/conda-forge/noarch/tzdata-2023c-h71feb2d_0.conda#939e3e74d8be4dac89ce83b20de2492a
https://conda.anaconda.org/conda-forge/win-64/ucrt-10.0.22621.0-h57928b3_0.tar.bz2#72608f6cd3e5898229c3ea16deb1ac43
https://conda.anaconda.org/conda-forge/win-64/expat-2.5.0-h63175ca_1.conda#87c77fe1b445aedb5c6d207dd236fa3e
https://conda.anaconda.org/conda-forge/noarch/fonts-conda-forge-1-0.tar.bz2#f766549260d6815b0c52253f1fb1bb29
https://conda.anaconda.org/conda-forge/win-64/m2w64-gmp-6.1.0-2.tar.bz2#53a1c73e1e3d185516d7e3af177596d9
https://conda.anaconda.org/conda-forge/win-64/m2w64-libwinpthread-git-5.0.0.4634.697f757-2.tar.bz2#774130a326dee16f1ceb05cc687ee4f0
https://conda.anaconda.org/conda-forge/win-64/vc14_runtime-14.36.32532-hfdfe4a8_17.conda#91c1ecaf3996889532fc0456178b1058
https://conda.anaconda.org/conda-forge/noarch/fonts-conda-ecosystem-1-0.tar.bz2#fee5683a3f04bd15cbd8318b096a27ab
https://conda.anaconda.org/conda-forge/win-64/m2w64-gcc-libs-core-5.3.0-7.tar.bz2#4289d80fb4d272f1f3b56cfe87ac90bd
https://conda.anaconda.org/conda-forge/win-64/vc-14.3-h64f974e_17.conda#67ff6791f235bb606659bf2a5c169191
https://conda.anaconda.org/conda-forge/win-64/vs2015_runtime-14.36.32532-h05e6639_17.conda#4618046c39f7c81861e53ded842e738a
https://conda.anaconda.org/conda-forge/win-64/aws-c-common-0.8.20-hcfcfb64_0.conda#efe583294eb9b5e5ff314ab85398584d
https://conda.anaconda.org/conda-forge/win-64/bzip2-1.0.8-h8ffe710_4.tar.bz2#7c03c66026944073040cb19a4f3ec3c9
https://conda.anaconda.org/conda-forge/win-64/c-ares-1.19.1-hcfcfb64_0.conda#8aa74d9a74ed3a31d9ed38a387a8ca50
https://conda.anaconda.org/conda-forge/win-64/geos-3.11.0-h39d44d4_0.tar.bz2#87da446bebdf92030df5593c18530ae2
https://conda.anaconda.org/conda-forge/win-64/icu-70.1-h0e60522_0.tar.bz2#64073396a905b6df895ab2489fae3847
https://conda.anaconda.org/conda-forge/win-64/jpeg-9e-hcfcfb64_3.conda#824f1e030d224e9e376a4655032fdbc7
https://conda.anaconda.org/conda-forge/win-64/lerc-4.0.0-h63175ca_0.tar.bz2#1900cb3cab5055833cfddb0ba233b074
https://conda.anaconda.org/conda-forge/win-64/libabseil-20230125.2-cxx17_h63175ca_2.conda#828f6bb057da235a4703ed33192f81c5
https://conda.anaconda.org/conda-forge/win-64/libaec-1.0.6-h63175ca_1.conda#f98474a8245f55f4a273889dbe7bf193
https://conda.anaconda.org/conda-forge/win-64/libbrotlicommon-1.0.9-hcfcfb64_9.conda#5e0f7bd6f1d0747abd5da59cffb6f533
https://conda.anaconda.org/conda-forge/win-64/libcrc32c-1.1.2-h0e60522_0.tar.bz2#cd4cc2d0c610c8cb5419ccc979f2d6ce
https://conda.anaconda.org/conda-forge/win-64/libdeflate-1.14-hcfcfb64_0.tar.bz2#4366e00d3270eb229c026920474a6dda
https://conda.anaconda.org/conda-forge/win-64/libffi-3.4.2-h8ffe710_5.tar.bz2#2c96d1b6915b408893f9472569dee135
https://conda.anaconda.org/conda-forge/win-64/libiconv-1.17-h8ffe710_0.tar.bz2#050119977a86e4856f0416e2edcf81bb
https://conda.anaconda.org/conda-forge/win-64/libogg-1.3.4-h8ffe710_1.tar.bz2#04286d905a0dcb7f7d4a12bdfe02516d
https://conda.anaconda.org/conda-forge/win-64/libspatialindex-1.9.3-h39d44d4_4.tar.bz2#51c172496e828258d04eba9971f2af1a
https://conda.anaconda.org/conda-forge/win-64/libsqlite-3.42.0-hcfcfb64_0.conda#9a71d93deb99cc09d8939d5235b5909a
https://conda.anaconda.org/conda-forge/win-64/libutf8proc-2.8.0-h82a8f57_0.tar.bz2#076894846fe9f068f91c57d158c90cba
https://conda.anaconda.org/conda-forge/win-64/libwebp-base-1.3.1-hcfcfb64_0.conda#f89e765213cac556a8ed72ba8c1b5071
https://conda.anaconda.org/conda-forge/win-64/libzlib-1.2.13-hcfcfb64_5.conda#5fdb9c6a113b6b6cb5e517fd972d5f41
https://conda.anaconda.org/conda-forge/win-64/lz4-c-1.9.4-hcfcfb64_0.conda#e34720eb20a33fc3bfb8451dd837ab7a
https://conda.anaconda.org/conda-forge/win-64/m2w64-gcc-libgfortran-5.3.0-6.tar.bz2#066552ac6b907ec6d72c0ddab29050dc
https://conda.anaconda.org/conda-forge/win-64/openssl-3.1.1-hcfcfb64_1.conda#1d913a5de46c6b2f7e4cfbd26b106b8b
https://conda.anaconda.org/conda-forge/win-64/pcre-8.45-h0e60522_0.tar.bz2#3cd3948bb5de74ebef93b6be6d8cf0d5
https://conda.anaconda.org/conda-forge/win-64/pixman-0.40.0-h8ffe710_0.tar.bz2#32b45d3fcffddc84cc1a014a0b5f0d58
https://conda.anaconda.org/conda-forge/win-64/pthreads-win32-2.9.1-hfa6e2cd_3.tar.bz2#e2da8758d7d51ff6aa78a14dfb9dbed4
https://conda.anaconda.org/conda-forge/win-64/re2-2023.03.02-hd4eee63_0.conda#a59c371d7364446cf1d0b8299e05c1ea
https://conda.anaconda.org/conda-forge/win-64/snappy-1.1.10-hfb803bf_0.conda#cff1df79c9cff719460eb2dd172568de
https://conda.anaconda.org/conda-forge/win-64/tk-8.6.12-h8ffe710_0.tar.bz2#c69a5047cc9291ae40afd4a1ad6f0c0f
https://conda.anaconda.org/conda-forge/win-64/xerces-c-3.2.4-h63175ca_2.conda#8ba57760b15d0c2493192908317bdf5e
https://conda.anaconda.org/conda-forge/win-64/xz-5.2.6-h8d14728_0.tar.bz2#515d77642eaa3639413c6b1bc3f94219
https://conda.anaconda.org/conda-forge/win-64/yaml-0.2.5-h8ffe710_2.tar.bz2#adbfb9f45d1004a26763652246a33764
https://conda.anaconda.org/conda-forge/win-64/aws-c-cal-0.5.27-hc655790_0.conda#4ce5d5c4c1a7f716f55cf87825c44d8f
https://conda.anaconda.org/conda-forge/win-64/aws-c-compression-0.2.17-h0a579c1_0.conda#1c544c86532ab25fff2a79bf25fff1dd
https://conda.anaconda.org/conda-forge/win-64/aws-c-sdkutils-0.1.10-h0a579c1_0.conda#47dc42d9f1a7560163b77a3c9d1d500e
https://conda.anaconda.org/conda-forge/win-64/aws-checksums-0.1.16-h0a579c1_0.conda#c387dbeadb73652524fce3d059a256a9
https://conda.anaconda.org/conda-forge/win-64/freexl-1.0.6-h67ca5e6_1.tar.bz2#7ddb6e879c46e78eec37f956b3ffe743
https://conda.anaconda.org/conda-forge/win-64/gettext-0.21.1-h5728263_0.tar.bz2#299d4fd6798a45337042ff5a48219e5f
https://conda.anaconda.org/conda-forge/win-64/krb5-1.20.1-heb0366b_0.conda#a07b05ee8f451ab15698397185efe989
https://conda.anaconda.org/conda-forge/win-64/libbrotlidec-1.0.9-hcfcfb64_9.conda#4c502e4846bdc22b944ab9aa5a55a58f
https://conda.anaconda.org/conda-forge/win-64/libbrotlienc-1.0.9-hcfcfb64_9.conda#19029748649ae0d48871d7012918efef
https://conda.anaconda.org/conda-forge/win-64/libclang13-15.0.7-default_h77d9078_2.conda#c2e1def32a19610ac26db453501760b6
https://conda.anaconda.org/conda-forge/win-64/libevent-2.1.12-h3671451_1.conda#25efbd786caceef438be46da78a7b5ef
https://conda.anaconda.org/conda-forge/win-64/libpng-1.6.39-h19919ed_0.conda#ab6febdb2dbd9c00803609079db4de71
https://conda.anaconda.org/conda-forge/win-64/libprotobuf-3.21.12-h12be248_0.conda#065644957b64030c520c732a0b7eb43d
https://conda.anaconda.org/conda-forge/win-64/librttopo-1.1.0-h2842628_11.tar.bz2#ae13271b8053b68bd007101ac9776ac6
https://conda.anaconda.org/conda-forge/win-64/libssh2-1.11.0-h7dfc565_0.conda#dc262d03aae04fe26825062879141a41
https://conda.anaconda.org/conda-forge/win-64/libvorbis-1.3.7-h0e60522_0.tar.bz2#e1a22282de0169c93e4ffe6ce6acc212
https://conda.anaconda.org/conda-forge/win-64/libxml2-2.10.4-hc3477c8_0.conda#d9869d2d502cca6b6f73dd7030696b3c
https://conda.anaconda.org/conda-forge/win-64/libzip-1.9.2-h519de47_1.tar.bz2#9c3138e53e36c0c161a23d20db91297b
https://conda.anaconda.org/conda-forge/win-64/m2w64-gcc-libs-5.3.0-7.tar.bz2#fe759119b8b3bfa720b8762c6fdc35de
https://conda.anaconda.org/conda-forge/win-64/pcre2-10.40-h17e33f8_0.tar.bz2#2519de0d9620dc2bc7e19caf6867136d
https://conda.anaconda.org/conda-forge/win-64/sqlite-3.42.0-hcfcfb64_0.conda#c505cc64dba674d4c419c0de772c8579
https://conda.anaconda.org/conda-forge/win-64/zlib-1.2.13-hcfcfb64_5.conda#a318e8622e11663f645cc7fa3260f462
https://conda.anaconda.org/conda-forge/win-64/zstd-1.5.2-h12be248_6.conda#62826565682d013b3e2346aaf7bded0e
https://conda.anaconda.org/conda-forge/win-64/aws-c-io-0.13.26-hf956cbd_0.conda#ed0eea2f48ee24a8c431c91570f66149
https://conda.anaconda.org/conda-forge/win-64/blosc-1.21.4-hdccc3a2_0.conda#6d88663e0ddd031e0d41f2913bbe10cc
https://conda.anaconda.org/conda-forge/win-64/boost-cpp-1.78.0-h9f4b32c_3.conda#09805934b78b0cd1a28d9e72a2a4778b
https://conda.anaconda.org/conda-forge/win-64/brotli-bin-1.0.9-hcfcfb64_9.conda#ba8ae6c24cf47da3fb73270e4f119f08
https://conda.anaconda.org/conda-forge/win-64/freetype-2.12.1-h546665d_1.conda#1b513009cd012591f3fdc9e03a74ec0a
https://conda.anaconda.org/conda-forge/win-64/hdf4-4.2.15-h1b1b6ef_5.tar.bz2#bfb6a2d82ef9a30455cc0900d89eed20
https://conda.anaconda.org/conda-forge/win-64/libclang-15.0.7-default_h77d9078_2.conda#70188b1b3e0b1716405adab9050894d1
https://conda.anaconda.org/conda-forge/win-64/libcurl-8.1.2-h68f0423_0.conda#94b9b7d0e882461fdb72d8d4e7441746
https://conda.anaconda.org/conda-forge/win-64/libglib-2.76.3-he8f3873_0.conda#4695e6acaf4790170161048d56cb51fc
https://conda.anaconda.org/conda-forge/win-64/libgrpc-1.54.2-ha177ca7_2.conda#815abf62c5038cc0b80bbd1b57ae4e5e
https://conda.anaconda.org/conda-forge/win-64/libhwloc-2.9.1-h51c2c0f_0.conda#8ec5920f3ed67faa0264a36c0b533ed0
https://conda.anaconda.org/conda-forge/win-64/libpq-14.5-ha9684e8_5.conda#93d1f2f4395d956c78a7408cf9fabd59
https://conda.anaconda.org/conda-forge/win-64/libthrift-0.18.1-h06f6336_2.conda#42fedb9a585ce5821ed223cd0ceb43c4
https://conda.anaconda.org/conda-forge/win-64/libtiff-4.4.0-hc4f729c_5.conda#fe00c2f95c1215e355c34094b00480d7
https://conda.anaconda.org/conda-forge/win-64/orc-1.8.4-hada7b9e_0.conda#5647dbb600a89124f96a582b50476f46
https://conda.anaconda.org/conda-forge/win-64/pthread-stubs-0.4-hcd874cb_1001.tar.bz2#a1f820480193ea83582b13249a7e7bd9
https://conda.anaconda.org/conda-forge/win-64/python-3.9.13-hcf16a7b_0_cpython.tar.bz2#6017838044b4b984cffd2600d31a11de
https://conda.anaconda.org/conda-forge/win-64/xorg-libxau-1.0.11-hcd874cb_0.conda#c46ba8712093cb0114404ae8a7582e1a
https://conda.anaconda.org/conda-forge/win-64/xorg-libxdmcp-1.1.3-hcd874cb_0.tar.bz2#46878ebb6b9cbd8afcf8088d7ef00ece
https://conda.anaconda.org/conda-forge/noarch/affine-2.4.0-pyhd8ed1ab_0.conda#ae5f4ad87126c55ba3f690ef07f81d64
https://conda.anaconda.org/conda-forge/noarch/appdirs-1.4.4-pyh9f0ad1d_0.tar.bz2#5f095bc6454094e96f146491fd03633b
https://conda.anaconda.org/conda-forge/noarch/asciitree-0.3.3-py_2.tar.bz2#c0481c9de49f040272556e2cedf42816
https://conda.anaconda.org/conda-forge/noarch/attrs-23.1.0-pyh71513ae_1.conda#3edfead7cedd1ab4400a6c588f3e75f8
https://conda.anaconda.org/conda-forge/win-64/aws-c-event-stream-0.3.0-h92d84d2_6.conda#f53ae982f755cde05581537db50258b5
https://conda.anaconda.org/conda-forge/win-64/aws-c-http-0.7.8-haeac8d2_4.conda#82120357325b31d0607fa0c21320be19
https://conda.anaconda.org/conda-forge/win-64/brotli-1.0.9-hcfcfb64_9.conda#5275e2634840f6d156934a16b7c0c813
https://conda.anaconda.org/conda-forge/noarch/certifi-2023.5.7-pyhd8ed1ab_0.conda#5d1b71c942b8421285934dad1d891ebc
https://conda.anaconda.org/conda-forge/win-64/cfitsio-4.1.0-h5a969a9_0.tar.bz2#df455e759b8bd9cb9beccd47306b55e7
https://conda.anaconda.org/conda-forge/noarch/charset-normalizer-3.1.0-pyhd8ed1ab_0.conda#7fcff9f6f123696e940bda77bd4d6551
https://conda.anaconda.org/conda-forge/noarch/cloudpickle-2.2.1-pyhd8ed1ab_0.conda#b325bfc4cff7d7f8a868f1f7ecc4ed16
https://conda.anaconda.org/conda-forge/noarch/colorama-0.4.6-pyhd8ed1ab_0.tar.bz2#3faab06a954c2a04039983f2c4a50d99
https://conda.anaconda.org/conda-forge/win-64/curl-8.1.2-h68f0423_0.conda#fc67d347f9eaa7922fd7bc26bfa5419b
https://conda.anaconda.org/conda-forge/noarch/cycler-0.11.0-pyhd8ed1ab_0.tar.bz2#a50559fad0affdbb33729a68669ca1cb
https://conda.anaconda.org/conda-forge/noarch/entrypoints-0.4-pyhd8ed1ab_0.tar.bz2#3cf04868fee0a029769bd41f4b2fbf2d
https://conda.anaconda.org/conda-forge/noarch/fasteners-0.17.3-pyhd8ed1ab_0.tar.bz2#348e27e78a5e39090031448c72f66d5e
https://conda.anaconda.org/conda-forge/noarch/fastprogress-1.0.3-pyhd8ed1ab_0.tar.bz2#1690639d3647fde6edf4f00c8f87c263
https://conda.anaconda.org/conda-forge/win-64/fontconfig-2.14.2-hbde0cde_0.conda#08767992f1a4f1336a257af1241034bd
https://conda.anaconda.org/conda-forge/win-64/frozenlist-1.3.3-py39ha55989b_0.tar.bz2#b8762916559d3e14831d6e10caad214b
https://conda.anaconda.org/conda-forge/noarch/fsspec-2022.8.2-pyhd8ed1ab_0.tar.bz2#140dc6615896e7d4be1059a63370be93
https://conda.anaconda.org/conda-forge/win-64/glib-tools-2.76.3-h12be248_0.conda#3015483cb3ffa200d51aac3c691fcda0
https://conda.anaconda.org/conda-forge/win-64/hdf5-1.12.2-nompi_h57737ce_101.conda#3e2b84f2f7bcf6915d1baa21e5b1a862
https://conda.anaconda.org/conda-forge/noarch/idna-3.4-pyhd8ed1ab_0.tar.bz2#34272b248891bddccc64479f9a7fffed
https://conda.anaconda.org/conda-forge/noarch/iniconfig-2.0.0-pyhd8ed1ab_0.conda#f800d2da156d08e289b14e87e43c1ae5
https://conda.anaconda.org/conda-forge/noarch/jmespath-1.0.1-pyhd8ed1ab_0.tar.bz2#2cfa3e1cf3fb51bb9b17acc5b5e9ea11
https://conda.anaconda.org/conda-forge/win-64/kiwisolver-1.4.4-py39h1f6ef14_1.tar.bz2#de04861ceb137d2952d3f2d0a13e9d46
https://conda.anaconda.org/conda-forge/win-64/lcms2-2.14-h90d422f_0.tar.bz2#a0deec92aa16fca7bf5a6717d05f88ee
https://conda.anaconda.org/conda-forge/win-64/libgoogle-cloud-2.12.0-h00b2bdc_0.conda#6a87f90b9822613c873e55348b586086
https://conda.anaconda.org/conda-forge/win-64/libkml-1.3.0-hf2ab4e4_1015.tar.bz2#1f50b25e87cefda820cb71fb643bc021
https://conda.anaconda.org/conda-forge/win-64/libxcb-1.13-hcd874cb_1004.tar.bz2#a6d7fd030532378ecb6ba435cd9f8234
https://conda.anaconda.org/conda-forge/win-64/llvmlite-0.40.1-py39hd28a505_0.conda#1173ee4417943ad908757129e7b648eb
https://conda.anaconda.org/conda-forge/noarch/locket-1.0.0-pyhd8ed1ab_0.tar.bz2#91e27ef3d05cc772ce627e51cff111c4
https://conda.anaconda.org/conda-forge/win-64/lz4-4.3.2-py39hf617134_0.conda#6102f85df33cac99d21853bc21563150
https://conda.anaconda.org/conda-forge/win-64/markupsafe-2.1.3-py39ha55989b_0.conda#8f408f9aaa6aa46200f51502949a658b
https://conda.anaconda.org/conda-forge/win-64/msgpack-python-1.0.5-py39h1f6ef14_0.conda#b5e111aee8fac27f002b1d71b75da941
https://conda.anaconda.org/conda-forge/win-64/multidict-6.0.4-py39ha55989b_0.conda#1af5a2528e09d6b6f78deaced0ccaa5e
https://conda.anaconda.org/conda-forge/noarch/munkres-1.1.4-pyh9f0ad1d_0.tar.bz2#2ba8498c1018c1e9c61eb99b973dfe19
https://conda.anaconda.org/conda-forge/noarch/networkx-3.1-pyhd8ed1ab_0.conda#254f787d5068bc89f578bf63893ce8b4
https://conda.anaconda.org/conda-forge/win-64/openjpeg-2.5.0-hc9384bd_1.tar.bz2#a6834096f8d834339eca7ef4d23bcc44
https://conda.anaconda.org/conda-forge/noarch/packaging-23.1-pyhd8ed1ab_0.conda#91cda59e66e1e4afe9476f8ef98f5c30
https://conda.anaconda.org/conda-forge/noarch/param-1.12.2-pyh6c4a22f_0.tar.bz2#60a819edb91839a58e8f0349eae6445d
https://conda.anaconda.org/conda-forge/noarch/pluggy-1.2.0-pyhd8ed1ab_0.conda#7263924c642d22e311d9e59b839f1b33
https://conda.anaconda.org/conda-forge/noarch/ply-3.11-py_1.tar.bz2#7205635cd71531943440fbfe3b6b5727
https://conda.anaconda.org/conda-forge/win-64/postgresql-14.5-hd87cd2b_5.conda#96078be02e997dba604587308d6fc95e
https://conda.anaconda.org/conda-forge/win-64/proj-9.0.1-h1cfcee9_1.tar.bz2#8d5957a9aea274e5698a47c12fa73004
https://conda.anaconda.org/conda-forge/win-64/psutil-5.9.2-py39ha55989b_0.tar.bz2#86e873fce360fe55997f2e165fee1a0e
https://conda.anaconda.org/conda-forge/noarch/py-1.11.0-pyh6c4a22f_0.tar.bz2#b4613d7e7a493916d867842a6a148054
https://conda.anaconda.org/conda-forge/noarch/pycparser-2.21-pyhd8ed1ab_0.tar.bz2#076becd9e05608f8dc72757d5f3a91ff
https://conda.anaconda.org/conda-forge/noarch/pyparsing-3.1.0-pyhd8ed1ab_0.conda#d3ed087d1f7f8f5590e8e87b57a8ce64
https://conda.anaconda.org/conda-forge/noarch/pyshp-2.3.1-pyhd8ed1ab_0.tar.bz2#92a889dc236a5197612bc85bee6d7174
https://conda.anaconda.org/conda-forge/noarch/pysocks-1.7.1-pyha2e5f31_6.tar.bz2#2a7de29fb590ca14b5243c4c812c8025
https://conda.anaconda.org/conda-forge/noarch/pytz-2023.3-pyhd8ed1ab_0.conda#d3076b483092a435832603243567bc31
https://conda.anaconda.org/conda-forge/win-64/pyyaml-6.0-py39ha55989b_5.tar.bz2#03968ff66723b72b793e94033d0fbb2f
https://conda.anaconda.org/conda-forge/win-64/rtree-1.0.1-py39h09fdee3_1.tar.bz2#84a721accc992a5462483e4512efe4a7
https://conda.anaconda.org/conda-forge/noarch/setuptools-68.0.0-pyhd8ed1ab_0.conda#5a7739d0f57ee64133c9d32e6507c46d
https://conda.anaconda.org/conda-forge/noarch/six-1.16.0-pyh6c4a22f_0.tar.bz2#e5f25f8dbc060e9a8d912e432202afc2
https://conda.anaconda.org/conda-forge/noarch/sortedcontainers-2.4.0-pyhd8ed1ab_0.tar.bz2#6d6552722448103793743dabfbda532d
https://conda.anaconda.org/conda-forge/win-64/tbb-2021.9.0-h91493d7_0.conda#6aa3f1becefeaa00a4d2a79b2a478aee
https://conda.anaconda.org/conda-forge/noarch/tblib-1.7.0-pyhd8ed1ab_0.tar.bz2#3d4afc31302aa7be471feb6be048ed76
https://conda.anaconda.org/conda-forge/noarch/threadpoolctl-3.1.0-pyh8a188c0_0.tar.bz2#a2995ee828f65687ac5b1e71a2ab1e0c
https://conda.anaconda.org/conda-forge/noarch/toml-0.10.2-pyhd8ed1ab_0.tar.bz2#f832c45a477c78bebd107098db465095
https://conda.anaconda.org/conda-forge/noarch/tomli-2.0.1-pyhd8ed1ab_0.tar.bz2#5844808ffab9ebdb694585b50ba02a96
https://conda.anaconda.org/conda-forge/noarch/toolz-0.12.0-pyhd8ed1ab_0.tar.bz2#92facfec94bc02d6ccf42e7173831a36
https://conda.anaconda.org/conda-forge/win-64/tornado-6.3.2-py39ha55989b_0.conda#f880a2d5a569fc1fd12f40966b384932
https://conda.anaconda.org/conda-forge/noarch/traitlets-5.9.0-pyhd8ed1ab_0.conda#d0b4f5c87cd35ac3fb3d47b223263a64
https://conda.anaconda.org/conda-forge/noarch/typing_extensions-4.7.0-pyha770c72_0.conda#c76ebd4731d3668ba16975a30ef19d0d
https://conda.anaconda.org/conda-forge/win-64/unicodedata2-15.0.0-py39ha55989b_0.tar.bz2#3be582ed58b3e289836a1fdc4e41d0b8
https://conda.anaconda.org/conda-forge/noarch/webencodings-0.5.1-py_1.tar.bz2#3563be4c5611a44210d9ba0c16113136
https://conda.anaconda.org/conda-forge/noarch/wheel-0.40.0-pyhd8ed1ab_0.conda#49bb0d9e60ce1db25e151780331bb5f3
https://conda.anaconda.org/conda-forge/win-64/wrapt-1.15.0-py39ha55989b_0.conda#edddf6b0ece26ba2a37ae69799762290
https://conda.anaconda.org/conda-forge/noarch/xyzservices-2023.5.0-pyhd8ed1ab_1.conda#232ea5ed580a598cdf887a890c29b629
https://conda.anaconda.org/conda-forge/noarch/zict-3.0.0-pyhd8ed1ab_0.conda#cf30c2c15b82aacb07f9c09e28ff2275
https://conda.anaconda.org/conda-forge/noarch/zipp-3.15.0-pyhd8ed1ab_0.conda#13018819ca8f5b7cc675a8faf1f5fedf
https://conda.anaconda.org/conda-forge/noarch/aioitertools-0.11.0-pyhd8ed1ab_0.tar.bz2#59c40397276a286241c65faec5e1be3c
https://conda.anaconda.org/conda-forge/noarch/aiosignal-1.3.1-pyhd8ed1ab_0.tar.bz2#d1e1eb7e21a9e2c74279d87dafb68156
https://conda.anaconda.org/conda-forge/win-64/aws-c-auth-0.6.28-habb20d3_5.conda#a8cc72b45079b640237bb465a1f37ef7
https://conda.anaconda.org/conda-forge/win-64/aws-c-mqtt-0.8.13-h73587ab_2.conda#d907e92d12f5f8bcb15769f9d2f0bfdf
https://conda.anaconda.org/conda-forge/noarch/bleach-6.0.0-pyhd8ed1ab_0.conda#d48b143d01385872a88ef8417e96c30e
https://conda.anaconda.org/conda-forge/win-64/cairo-1.16.0-hd694305_1014.tar.bz2#91f08ed9ff25a969ddd06237454dae0d
https://conda.anaconda.org/conda-forge/win-64/cffi-1.15.1-py39h68f70e3_3.conda#5e7cb1054cd6f3036a4bdbfe6e23fdfd
https://conda.anaconda.org/conda-forge/noarch/click-8.1.3-win_pyhd8ed1ab_2.tar.bz2#6b58680207b526c42dcff68b543803dd
https://conda.anaconda.org/conda-forge/win-64/cytoolz-0.12.0-py39ha55989b_1.tar.bz2#1bf852998240d1c7c9c26516c7c1323d
https://conda.anaconda.org/conda-forge/win-64/fonttools-4.40.0-py39ha55989b_0.conda#41deb3146014dcdb170091a57d9ca400
https://conda.anaconda.org/conda-forge/win-64/geotiff-1.7.1-h714bc5f_3.tar.bz2#50da68ed1883cbff36c7ee003a9a5c4d
https://conda.anaconda.org/conda-forge/win-64/glib-2.76.3-h12be248_0.conda#fa3f1af2dc70e0d00a755667a741fad3
https://conda.anaconda.org/conda-forge/noarch/importlib-metadata-6.7.0-pyha770c72_0.conda#ba3786c6846e46038fe60c785d46dc81
https://conda.anaconda.org/conda-forge/noarch/importlib_resources-5.12.0-pyhd8ed1ab_0.conda#e5fd2260a231ee63b6969f4801082f2b
https://conda.anaconda.org/conda-forge/noarch/jinja2-3.1.2-pyhd8ed1ab_1.tar.bz2#c8490ed5c70966d232fdd389d0dbed37
https://conda.anaconda.org/conda-forge/noarch/joblib-1.3.0-pyhd8ed1ab_0.conda#3b334d301645ea03c742d45b1f9e6f5f
https://conda.anaconda.org/conda-forge/win-64/kealib-1.4.15-hdf81f3a_1.tar.bz2#8af922f4e73960925b80852c806879ef
https://conda.anaconda.org/conda-forge/win-64/libnetcdf-4.8.1-nompi_h8c042bf_106.tar.bz2#90515eee0f7575b5fd296b6ba8d91dae
https://conda.anaconda.org/conda-forge/win-64/libspatialite-5.0.1-hd9530bf_19.tar.bz2#9de71db87d079d4ae56c0550299ec206
https://conda.anaconda.org/conda-forge/win-64/mkl-2022.1.0-h6a75c08_874.tar.bz2#2ff89a7337a9636029b4db9466e9f8e3
https://conda.anaconda.org/conda-forge/noarch/multipledispatch-0.6.0-py_0.tar.bz2#1073dc92c8f247d94ac14dd79ca0bbec
https://conda.anaconda.org/conda-forge/noarch/munch-3.0.0-pyhd8ed1ab_0.conda#3d5fa8396d78c916d51fb1c6cda24945
https://conda.anaconda.org/conda-forge/noarch/partd-1.4.0-pyhd8ed1ab_0.conda#721dab5803ea92ce02ddc4ee50aa0c48
https://conda.anaconda.org/conda-forge/win-64/pillow-9.2.0-py39h595c93f_3.tar.bz2#2136fed21965598cd159e6df274e37f5
https://conda.anaconda.org/conda-forge/noarch/pint-0.22-pyhd8ed1ab_1.conda#a719c3f3959c529e558e9ed9f98c3f30
https://conda.anaconda.org/conda-forge/noarch/pip-23.1.2-pyhd8ed1ab_0.conda#7288da0d36821349cf1126e8670292df
https://conda.anaconda.org/conda-forge/noarch/pyct-core-0.4.6-py_0.tar.bz2#55ec526f95e0959de3f68bc6289a20da
https://conda.anaconda.org/conda-forge/win-64/pyproj-3.4.0-py39h2de216b_0.tar.bz2#9b7465341bbb11645ba6d451b8da1a83
https://conda.anaconda.org/conda-forge/win-64/pytest-7.1.3-py39hcbf5309_0.tar.bz2#1dbf41f27f8e4829f53ec74e520acede
https://conda.anaconda.org/conda-forge/noarch/python-dateutil-2.8.2-pyhd8ed1ab_0.tar.bz2#dd999d1cc9f79e67dbb855c8924c7984
https://conda.anaconda.org/conda-forge/noarch/pyviz_comms-2.3.2-pyhd8ed1ab_0.conda#7c85b365bd17652f66a961446a963b40
https://conda.anaconda.org/conda-forge/win-64/sip-6.7.9-py39h99910a6_0.conda#50ae05f69023036a2736c46af3de7323
https://conda.anaconda.org/conda-forge/win-64/tiledb-2.11.3-h3132609_1.tar.bz2#301b6102734797d622ba0871e7452992
https://conda.anaconda.org/conda-forge/noarch/tqdm-4.65.0-pyhd8ed1ab_1.conda#ed792aff3acb977d09c7013358097f83
https://conda.anaconda.org/conda-forge/noarch/typing-extensions-4.7.0-hd8ed1ab_0.conda#37761dccc7ca8eaa08c60c4f62eb2dcc
https://conda.anaconda.org/conda-forge/win-64/yarl-1.9.2-py39ha55989b_0.conda#1a8cb418162b90d9c180d1ce009b1b1d
https://conda.anaconda.org/conda-forge/noarch/async-timeout-4.0.2-pyhd8ed1ab_0.tar.bz2#25e79f9a1133556671becbd65a170c78
https://conda.anaconda.org/conda-forge/win-64/aws-c-s3-0.3.4-h26b4012_5.conda#c540e8bc4a0ed86b287fa45f140c9a3d
https://conda.anaconda.org/conda-forge/noarch/branca-0.6.0-pyhd8ed1ab_0.tar.bz2#f4cc65697763ef8c2f7555f1ec355a6b
https://conda.anaconda.org/conda-forge/win-64/brotlipy-0.7.0-py39ha55989b_1005.tar.bz2#5ffea1498e831c783af65e274d6c58f5
https://conda.anaconda.org/conda-forge/noarch/click-plugins-1.1.1-py_0.tar.bz2#4fd2c6b53934bd7d96d1f3fdaf99b79f
https://conda.anaconda.org/conda-forge/noarch/cligj-0.7.2-pyhd8ed1ab_1.tar.bz2#a29b7c141d6b2de4bb67788a5f107734
https://conda.anaconda.org/conda-forge/win-64/cryptography-41.0.1-py39hb6bd5e6_0.conda#4b365eca05f6ccaf43cce046e38b8e89
https://conda.anaconda.org/conda-forge/win-64/gstreamer-1.22.4-hb4038d2_0.conda#ead79af9af7587ca3f685fed4966a881
https://conda.anaconda.org/conda-forge/noarch/importlib_metadata-6.7.0-hd8ed1ab_0.conda#27a4cec373ec84d1c1aa02a1e37f8eaf
https://conda.anaconda.org/conda-forge/win-64/libblas-3.9.0-17_win64_mkl.conda#9e42ac6b256b96bfaa19f829c25940e8
https://conda.anaconda.org/conda-forge/noarch/markdown-3.4.3-pyhd8ed1ab_0.conda#89ed59ad509c05db6f5f2f573d499bfe
https://conda.anaconda.org/conda-forge/noarch/platformdirs-3.8.0-pyhd8ed1ab_0.conda#3e4aca765371893ad848397794600632
https://conda.anaconda.org/conda-forge/win-64/poppler-22.10.0-ha6c1112_0.tar.bz2#e4ecf1fe1133eb28359c35c671df263f
https://conda.anaconda.org/conda-forge/win-64/pydantic-1.10.9-py39ha55989b_0.conda#d0534065a84db190a6b5b93b676a04d9
https://conda.anaconda.org/conda-forge/win-64/pyqt5-sip-12.11.0-py39h99910a6_3.conda#357fa31f4fe2a298a48475d9234146c6
https://conda.anaconda.org/conda-forge/win-64/aiohttp-3.8.4-py39ha55989b_1.conda#21130924cd3c44292d7bddfad183a4d6
https://conda.anaconda.org/conda-forge/win-64/aws-crt-cpp-0.20.2-h0db1998_9.conda#f4506fab94dc1eb58d87356198d6d0f6
https://conda.anaconda.org/conda-forge/noarch/dask-core-2023.6.1-pyhd8ed1ab_0.conda#ec55ad569dd8b9184266e0d3db0b3bc7
https://conda.anaconda.org/conda-forge/win-64/gst-plugins-base-1.22.4-h001b923_0.conda#2c402e044af28ad8eccf03031c5c34c4
https://conda.anaconda.org/conda-forge/win-64/libcblas-3.9.0-17_win64_mkl.conda#768b2c3be666ecf9e62f939ea919f819
https://conda.anaconda.org/conda-forge/win-64/libgdal-3.5.2-h2477998_4.tar.bz2#69d310e379f0c88e91094bfa476bc233
https://conda.anaconda.org/conda-forge/win-64/liblapack-3.9.0-17_win64_mkl.conda#278121fe8f0d65d496998aa290f36322
https://conda.anaconda.org/conda-forge/noarch/pyopenssl-23.2.0-pyhd8ed1ab_1.conda#34f7d568bf59d18e3fef8c405cbece21
https://conda.anaconda.org/conda-forge/win-64/aws-sdk-cpp-1.10.57-ha442f66_14.conda#fc380549dacf1b15dd528d95076cd037
https://conda.anaconda.org/conda-forge/win-64/numpy-1.23.3-py39h9061af7_0.tar.bz2#64cfaa25c8cc5e40510d00d09491e529
https://conda.anaconda.org/conda-forge/win-64/qt-main-5.15.8-h720456b_6.conda#3047b05190091b66cf60017b8968a562
https://conda.anaconda.org/conda-forge/noarch/urllib3-1.26.15-pyhd8ed1ab_0.conda#27db656619a55d727eaf5a6ece3d2fd6
https://conda.anaconda.org/conda-forge/win-64/arrow-cpp-9.0.0-py39hbd8108f_40_cpu.conda#1916fca4172e09aed3c23a9b58d7c07e
https://conda.anaconda.org/conda-forge/noarch/bokeh-2.4.3-pyhd8ed1ab_3.tar.bz2#e4c6e6d99add99cede5328d811cacb21
https://conda.anaconda.org/conda-forge/noarch/botocore-1.27.59-pyhd8ed1ab_0.tar.bz2#3faabd8720a81a91566e6c01bf7bbacb
https://conda.anaconda.org/conda-forge/win-64/cftime-1.6.2-py39hc266a54_1.tar.bz2#2ac76c76fae9ed6163c9755b7adb380c
https://conda.anaconda.org/conda-forge/win-64/contourpy-1.1.0-py39h1f6ef14_0.conda#3b63d2d577692b41cdf8bf2a26510c35
https://conda.anaconda.org/conda-forge/noarch/datashape-0.5.4-py_1.tar.bz2#50ddfce434ea596fc4497085f403a9d5
https://conda.anaconda.org/conda-forge/noarch/distributed-2023.6.1-pyhd8ed1ab_0.conda#f1b9aeecbfa11a5f7896f2951f9e69cf
https://conda.anaconda.org/conda-forge/win-64/gdal-3.5.2-py39h3be0312_4.tar.bz2#31b4e1e793cfb28d14c4ca2ea931b109
https://conda.anaconda.org/conda-forge/win-64/numba-0.57.1-py39hadaa1c4_0.conda#0947e590eeb6df6d58119546232baa22
https://conda.anaconda.org/conda-forge/win-64/numcodecs-0.11.0-py39h99910a6_1.conda#33fe7db27b798730c407cd6e88c6c605
https://conda.anaconda.org/conda-forge/win-64/pandas-1.5.0-py39h2ba5b7c_0.tar.bz2#636e5fdf71cfc03aa9fd6987dd7c3656
https://conda.anaconda.org/conda-forge/win-64/pygeos-0.13-py39h6f18ba6_1.tar.bz2#a43fd357b94da22ded94db9f194cc8ab
https://conda.anaconda.org/conda-forge/win-64/pyqt-5.15.7-py39hb77abff_3.conda#9a993f314551fd258ab60ea8a466da19
https://conda.anaconda.org/conda-forge/noarch/requests-2.31.0-pyhd8ed1ab_0.conda#a30144e4156cdbb236f99ebb49828f8b
https://conda.anaconda.org/conda-forge/win-64/scipy-1.9.1-py39h316f440_0.tar.bz2#2bc3af63b411845a6977fa61f8cc6b70
https://conda.anaconda.org/conda-forge/win-64/shapely-1.8.4-py39he0923fe_0.tar.bz2#1144447badbbfe376e62f77a7a116d41
https://conda.anaconda.org/conda-forge/noarch/snuggs-1.4.7-py_0.tar.bz2#cb83a3d6ecf73f50117635192414426a
https://conda.anaconda.org/conda-forge/noarch/aiobotocore-2.4.0-pyhd8ed1ab_0.tar.bz2#9adcdcd7539afff88018c18b650dee50
https://conda.anaconda.org/conda-forge/win-64/fiona-1.8.22-py39h9e0966e_0.tar.bz2#2b4efcb480f05e9313795c2c3a94b070
https://conda.anaconda.org/conda-forge/noarch/folium-0.14.0-pyhd8ed1ab_0.conda#48c8bb19df0d0268f1a9d30ffc56c5b0
https://conda.anaconda.org/conda-forge/noarch/geopandas-base-0.11.1-pyha770c72_0.tar.bz2#5926cac706ea9c090e8cc72cd80dee83
https://conda.anaconda.org/conda-forge/win-64/matplotlib-base-3.6.0-py39haf65ace_0.tar.bz2#c561e520bd04bf4b007f1dfe23631b77
https://conda.anaconda.org/conda-forge/win-64/netcdf4-1.6.2-nompi_py39h34fa13a_100.tar.bz2#0d3bb4d6abb6f2226aff44a4bcd79646
https://conda.anaconda.org/conda-forge/noarch/parquet-cpp-1.5.1-2.tar.bz2#79a5f78c42817594ae016a7896521a97
https://conda.anaconda.org/conda-forge/noarch/pooch-1.7.0-pyha770c72_3.conda#5936894aade8240c867d292aa0d980c6
https://conda.anaconda.org/conda-forge/noarch/pyct-0.4.6-py_0.tar.bz2#42d91c89bc3993ec88681cffd3c0e326
https://conda.anaconda.org/conda-forge/win-64/rasterio-1.3.3-py39h56b40a0_0.tar.bz2#ac434be79dfdee54330a672c3dbe1e7f
https://conda.anaconda.org/conda-forge/win-64/scikit-learn-1.2.2-py39hfa9d973_2.conda#907305bd8b6a384f14d41081efd9eb7e
https://conda.anaconda.org/conda-forge/noarch/xarray-2022.6.0-pyhd8ed1ab_1.tar.bz2#ab3a191d1754bc69a6f61879c92fa7e1
https://conda.anaconda.org/conda-forge/noarch/zarr-2.15.0-pyhd8ed1ab_0.conda#2e6414d548b4433d564fed1177d30281
https://conda.anaconda.org/conda-forge/win-64/cartopy-0.21.0-py39h8cdaa0a_2.tar.bz2#fc2f58a5046eea5c744e3a9e3a8eb5a5
https://conda.anaconda.org/conda-forge/noarch/colorcet-3.0.1-pyhd8ed1ab_0.tar.bz2#1e424f22b3e2713068fe12d57f2dec5b
https://conda.anaconda.org/conda-forge/noarch/mapclassify-2.5.0-pyhd8ed1ab_1.conda#db1aeaff6e248db425e049feffded7a9
https://conda.anaconda.org/conda-forge/win-64/matplotlib-3.6.0-py39hcbf5309_0.tar.bz2#af57c102cbd66237f2c7522ac157dfba
https://conda.anaconda.org/conda-forge/noarch/panel-0.13.1-pyhd8ed1ab_0.tar.bz2#8a7cff754d33392fab1ee29696682013
https://conda.anaconda.org/conda-forge/noarch/pint-xarray-0.3-pyhd8ed1ab_0.tar.bz2#d748055363d88b1e90b5ba316982e165
https://conda.anaconda.org/conda-forge/win-64/pyarrow-9.0.0-py39hca4e8af_40_cpu.conda#5bd0f932d3784130d09822e6ffa6b9cc
https://conda.anaconda.org/conda-forge/noarch/rioxarray-0.12.2-pyhd8ed1ab_0.tar.bz2#b2231b44e6654783d434a498ca14ccce
https://conda.anaconda.org/conda-forge/noarch/s3fs-2022.8.2-pyhd8ed1ab_0.tar.bz2#6b2985bc632aa85aa7977028d7974e81
https://conda.anaconda.org/conda-forge/noarch/dask-2023.6.1-pyhd8ed1ab_0.conda#dedcce0bf6864f2c4daf0be6e624e222
https://conda.anaconda.org/conda-forge/noarch/datashader-0.15.0-pyhd8ed1ab_0.conda#adb1da69c960c07797b02fbf98a819bb
https://conda.anaconda.org/conda-forge/noarch/geopandas-0.11.1-pyhd8ed1ab_0.tar.bz2#22ee242115979b9762df981ccc9b1e3a
https://conda.anaconda.org/conda-forge/noarch/holoviews-1.15.0-pyhd8ed1ab_0.tar.bz2#2cadea9986f780ed5812a7e46fe0f29e
https://conda.anaconda.org/conda-forge/noarch/metpy-1.3.1-pyhd8ed1ab_0.tar.bz2#dbcbccf599fe707308e506205dc488aa
https://conda.anaconda.org/conda-forge/noarch/xmip-0.6.1rc0-pyhd8ed1ab_0.tar.bz2#dce392f467e3d2fe96a347d3da054d4e
https://conda.anaconda.org/conda-forge/noarch/geoviews-core-1.9.5-pyha770c72_0.tar.bz2#8bd65a48d838db0a95c3ca14728c3fb5
https://conda.anaconda.org/conda-forge/noarch/hvplot-0.8.1-pyhd8ed1ab_0.tar.bz2#403a9b6d427ce1143caae6f17c625302
https://conda.anaconda.org/conda-forge/noarch/intake-0.6.6-pyhd8ed1ab_0.tar.bz2#1dc29fb9182b0f3ce935a8bd4c341ed5
https://conda.anaconda.org/conda-forge/noarch/geoviews-1.9.5-pyhd8ed1ab_0.tar.bz2#f9007ce7406219eb1a4f521dbfd193e7
https://conda.anaconda.org/conda-forge/noarch/intake-esm-2022.9.18-pyhd8ed1ab_0.tar.bz2#821a4e9dbb2c98ee0be773d542279ea3
https://conda.anaconda.org/conda-forge/noarch/intake-geopandas-0.4.0-pyhd8ed1ab_0.tar.bz2#5d6429a927d1ef3c0d26d81f5d7b31f0
https://conda.anaconda.org/conda-forge/noarch/intake-xarray-0.6.1-pyhd8ed1ab_0.tar.bz2#6cc318952c249b55ae83f8a994342672
