# Generated by conda-lock.
# platform: win-64
# input_hash: 19e66a10651d173d27a457a3f7e9a933623effbc754c65b0d50e5f8b454fd43c
@EXPLICIT
https://conda.anaconda.org/conda-forge/win-64/ca-certificates-2023.7.22-h56e8100_0.conda#b1c2327b36f1a25d96f2039b0d3e3739
https://conda.anaconda.org/conda-forge/noarch/font-ttf-dejavu-sans-mono-2.37-hab24e00_0.tar.bz2#0c96522c6bdaed4b1566d11387caaf45
https://conda.anaconda.org/conda-forge/noarch/font-ttf-inconsolata-3.000-h77eed37_0.tar.bz2#34893075a5c9e55cdafac56607368fc6
https://conda.anaconda.org/conda-forge/noarch/font-ttf-source-code-pro-2.038-h77eed37_0.tar.bz2#4d59c254e01d9cde7957100457e2d5fb
https://conda.anaconda.org/conda-forge/noarch/font-ttf-ubuntu-0.83-hab24e00_0.tar.bz2#19410c3df09dfb12d1206132a1d357c5
https://conda.anaconda.org/conda-forge/win-64/intel-openmp-2023.1.0-h57928b3_46319.conda#dbc4636f419722fbf3ab6501377228ba
https://conda.anaconda.org/conda-forge/win-64/libexpat-2.5.0-h63175ca_1.conda#636cc3cbbd2e28bcfd2f73b2044aac2c
https://conda.anaconda.org/conda-forge/win-64/msys2-conda-epoch-20160418-1.tar.bz2#b0309b72560df66f71a9d5e34a5efdfa
https://conda.anaconda.org/conda-forge/noarch/poppler-data-0.4.12-hd8ed1ab_0.conda#d8d7293c5b37f39b2ac32940621c6592
https://conda.anaconda.org/conda-forge/win-64/python_abi-3.10-3_cp310.conda#f4cfd883c0d91bb17164d8e34f4900d5
https://conda.anaconda.org/conda-forge/noarch/tzdata-2023c-h71feb2d_0.conda#939e3e74d8be4dac89ce83b20de2492a
https://conda.anaconda.org/conda-forge/win-64/ucrt-10.0.22621.0-h57928b3_0.tar.bz2#72608f6cd3e5898229c3ea16deb1ac43
https://conda.anaconda.org/conda-forge/win-64/expat-2.5.0-h63175ca_1.conda#87c77fe1b445aedb5c6d207dd236fa3e
https://conda.anaconda.org/conda-forge/noarch/fonts-conda-forge-1-0.tar.bz2#f766549260d6815b0c52253f1fb1bb29
https://conda.anaconda.org/conda-forge/win-64/m2w64-gmp-6.1.0-2.tar.bz2#53a1c73e1e3d185516d7e3af177596d9
https://conda.anaconda.org/conda-forge/win-64/m2w64-libwinpthread-git-5.0.0.4634.697f757-2.tar.bz2#774130a326dee16f1ceb05cc687ee4f0
https://conda.anaconda.org/conda-forge/win-64/vc14_runtime-14.36.32532-hfdfe4a8_17.conda#91c1ecaf3996889532fc0456178b1058
https://conda.anaconda.org/conda-forge/noarch/fonts-conda-ecosystem-1-0.tar.bz2#fee5683a3f04bd15cbd8318b096a27ab
https://conda.anaconda.org/conda-forge/win-64/m2w64-gcc-libs-core-5.3.0-7.tar.bz2#4289d80fb4d272f1f3b56cfe87ac90bd
https://conda.anaconda.org/conda-forge/win-64/vc-14.3-h64f974e_17.conda#67ff6791f235bb606659bf2a5c169191
https://conda.anaconda.org/conda-forge/win-64/vs2015_runtime-14.36.32532-h05e6639_17.conda#4618046c39f7c81861e53ded842e738a
https://conda.anaconda.org/conda-forge/win-64/aws-c-common-0.8.23-hcfcfb64_0.conda#f10dd222c8b864790d04ed0899970e9b
https://conda.anaconda.org/conda-forge/win-64/bzip2-1.0.8-h8ffe710_4.tar.bz2#7c03c66026944073040cb19a4f3ec3c9
https://conda.anaconda.org/conda-forge/win-64/c-ares-1.19.1-hcfcfb64_0.conda#8aa74d9a74ed3a31d9ed38a387a8ca50
https://conda.anaconda.org/conda-forge/win-64/geos-3.11.2-h1537add_0.conda#fce89f5f79ad360e5c183d0e982da42e
https://conda.anaconda.org/conda-forge/win-64/icu-72.1-h63175ca_0.conda#a108731562663d787066bd17c9595114
https://conda.anaconda.org/conda-forge/win-64/lerc-4.0.0-h63175ca_0.tar.bz2#1900cb3cab5055833cfddb0ba233b074
https://conda.anaconda.org/conda-forge/win-64/libabseil-20230125.3-cxx17_h63175ca_0.conda#219d819db61ee021a82ecee3d69642cd
https://conda.anaconda.org/conda-forge/win-64/libaec-1.0.6-h63175ca_1.conda#f98474a8245f55f4a273889dbe7bf193
https://conda.anaconda.org/conda-forge/win-64/libbrotlicommon-1.0.9-hcfcfb64_9.conda#5e0f7bd6f1d0747abd5da59cffb6f533
https://conda.anaconda.org/conda-forge/win-64/libcrc32c-1.1.2-h0e60522_0.tar.bz2#cd4cc2d0c610c8cb5419ccc979f2d6ce
https://conda.anaconda.org/conda-forge/win-64/libdeflate-1.18-hcfcfb64_0.conda#493acc14c556ef6f1d13ba00b099c679
https://conda.anaconda.org/conda-forge/win-64/libffi-3.4.2-h8ffe710_5.tar.bz2#2c96d1b6915b408893f9472569dee135
https://conda.anaconda.org/conda-forge/win-64/libiconv-1.17-h8ffe710_0.tar.bz2#050119977a86e4856f0416e2edcf81bb
https://conda.anaconda.org/conda-forge/win-64/libjpeg-turbo-2.1.5.1-hcfcfb64_0.conda#f2fad2ae9f1365e343e4329fdb1e9d63
https://conda.anaconda.org/conda-forge/win-64/libogg-1.3.4-h8ffe710_1.tar.bz2#04286d905a0dcb7f7d4a12bdfe02516d
https://conda.anaconda.org/conda-forge/win-64/libspatialindex-1.9.3-h39d44d4_4.tar.bz2#51c172496e828258d04eba9971f2af1a
https://conda.anaconda.org/conda-forge/win-64/libsqlite-3.42.0-hcfcfb64_0.conda#9a71d93deb99cc09d8939d5235b5909a
https://conda.anaconda.org/conda-forge/win-64/libutf8proc-2.8.0-h82a8f57_0.tar.bz2#076894846fe9f068f91c57d158c90cba
https://conda.anaconda.org/conda-forge/win-64/libwebp-base-1.3.1-hcfcfb64_0.conda#f89e765213cac556a8ed72ba8c1b5071
https://conda.anaconda.org/conda-forge/win-64/libzlib-1.2.13-hcfcfb64_5.conda#5fdb9c6a113b6b6cb5e517fd972d5f41
https://conda.anaconda.org/conda-forge/win-64/lz4-c-1.9.4-hcfcfb64_0.conda#e34720eb20a33fc3bfb8451dd837ab7a
https://conda.anaconda.org/conda-forge/win-64/lzo-2.10-he774522_1000.tar.bz2#d5cf4b7eaa52316f135eed9e8548ad57
https://conda.anaconda.org/conda-forge/win-64/m2w64-gcc-libgfortran-5.3.0-6.tar.bz2#066552ac6b907ec6d72c0ddab29050dc
https://conda.anaconda.org/conda-forge/win-64/openssl-3.1.1-hcfcfb64_1.conda#1d913a5de46c6b2f7e4cfbd26b106b8b
https://conda.anaconda.org/conda-forge/win-64/pixman-0.40.0-h8ffe710_0.tar.bz2#32b45d3fcffddc84cc1a014a0b5f0d58
https://conda.anaconda.org/conda-forge/win-64/pthreads-win32-2.9.1-hfa6e2cd_3.tar.bz2#e2da8758d7d51ff6aa78a14dfb9dbed4
https://conda.anaconda.org/conda-forge/win-64/re2-2023.03.02-hd4eee63_0.conda#a59c371d7364446cf1d0b8299e05c1ea
https://conda.anaconda.org/conda-forge/win-64/snappy-1.1.10-hfb803bf_0.conda#cff1df79c9cff719460eb2dd172568de
https://conda.anaconda.org/conda-forge/win-64/tk-8.6.12-h8ffe710_0.tar.bz2#c69a5047cc9291ae40afd4a1ad6f0c0f
https://conda.anaconda.org/conda-forge/win-64/xerces-c-3.2.4-h63175ca_2.conda#8ba57760b15d0c2493192908317bdf5e
https://conda.anaconda.org/conda-forge/win-64/xz-5.2.6-h8d14728_0.tar.bz2#515d77642eaa3639413c6b1bc3f94219
https://conda.anaconda.org/conda-forge/win-64/yaml-0.2.5-h8ffe710_2.tar.bz2#adbfb9f45d1004a26763652246a33764
https://conda.anaconda.org/conda-forge/win-64/aws-c-cal-0.6.0-h6ba3258_0.conda#32face4713b029010a05f0134e967420
https://conda.anaconda.org/conda-forge/win-64/aws-c-compression-0.2.17-h420beca_1.conda#2265e815dfcad120aca37e0ec827591c
https://conda.anaconda.org/conda-forge/win-64/aws-c-sdkutils-0.1.11-h420beca_1.conda#b56dc6999bb11cb122d5d76ca1e6feaf
https://conda.anaconda.org/conda-forge/win-64/aws-checksums-0.1.16-h420beca_1.conda#dd3466ea9fc536ae3d05521eea3a7473
https://conda.anaconda.org/conda-forge/win-64/freexl-1.0.6-h67ca5e6_1.tar.bz2#7ddb6e879c46e78eec37f956b3ffe743
https://conda.anaconda.org/conda-forge/win-64/gettext-0.21.1-h5728263_0.tar.bz2#299d4fd6798a45337042ff5a48219e5f
https://conda.anaconda.org/conda-forge/win-64/hdf4-4.2.15-h1334946_6.conda#5777b72b13771944e15a839dd617c964
https://conda.anaconda.org/conda-forge/win-64/krb5-1.20.1-heb0366b_0.conda#a07b05ee8f451ab15698397185efe989
https://conda.anaconda.org/conda-forge/win-64/libbrotlidec-1.0.9-hcfcfb64_9.conda#4c502e4846bdc22b944ab9aa5a55a58f
https://conda.anaconda.org/conda-forge/win-64/libbrotlienc-1.0.9-hcfcfb64_9.conda#19029748649ae0d48871d7012918efef
https://conda.anaconda.org/conda-forge/win-64/libevent-2.1.12-h3671451_1.conda#25efbd786caceef438be46da78a7b5ef
https://conda.anaconda.org/conda-forge/win-64/libpng-1.6.39-h19919ed_0.conda#ab6febdb2dbd9c00803609079db4de71
https://conda.anaconda.org/conda-forge/win-64/libprotobuf-4.23.3-h1975477_0.conda#6386184da6e9e58de0d8e0a9e9aeb736
https://conda.anaconda.org/conda-forge/win-64/librttopo-1.1.0-he1da8c1_13.conda#8b2baf1a9f17576939439cde1f87babe
https://conda.anaconda.org/conda-forge/win-64/libssh2-1.11.0-h7dfc565_0.conda#dc262d03aae04fe26825062879141a41
https://conda.anaconda.org/conda-forge/win-64/libvorbis-1.3.7-h0e60522_0.tar.bz2#e1a22282de0169c93e4ffe6ce6acc212
https://conda.anaconda.org/conda-forge/win-64/libxml2-2.11.4-hc3477c8_0.conda#586627982a63815637f871a6360fe3f9
https://conda.anaconda.org/conda-forge/win-64/libzip-1.9.2-h519de47_1.tar.bz2#9c3138e53e36c0c161a23d20db91297b
https://conda.anaconda.org/conda-forge/win-64/m2w64-gcc-libs-5.3.0-7.tar.bz2#fe759119b8b3bfa720b8762c6fdc35de
https://conda.anaconda.org/conda-forge/win-64/pcre2-10.40-h17e33f8_0.tar.bz2#2519de0d9620dc2bc7e19caf6867136d
https://conda.anaconda.org/conda-forge/win-64/python-3.10.12-h4de0772_0_cpython.conda#14273454ca348a123ce09ab9d39c1a6e
https://conda.anaconda.org/conda-forge/win-64/sqlite-3.42.0-hcfcfb64_0.conda#c505cc64dba674d4c419c0de772c8579
https://conda.anaconda.org/conda-forge/win-64/zlib-1.2.13-hcfcfb64_5.conda#a318e8622e11663f645cc7fa3260f462
https://conda.anaconda.org/conda-forge/win-64/zstd-1.5.2-h12be248_7.conda#f3c3879d8cda1c5a6885435dd48a470e
https://conda.anaconda.org/conda-forge/noarch/affine-2.4.0-pyhd8ed1ab_0.conda#ae5f4ad87126c55ba3f690ef07f81d64
https://conda.anaconda.org/conda-forge/noarch/appdirs-1.4.4-pyh9f0ad1d_0.tar.bz2#5f095bc6454094e96f146491fd03633b
https://conda.anaconda.org/conda-forge/noarch/asciitree-0.3.3-py_2.tar.bz2#c0481c9de49f040272556e2cedf42816
https://conda.anaconda.org/conda-forge/noarch/attrs-23.1.0-pyh71513ae_1.conda#3edfead7cedd1ab4400a6c588f3e75f8
https://conda.anaconda.org/conda-forge/win-64/aws-c-io-0.13.28-ha35c040_0.conda#027e518e21c483d3ed7f33148bfee761
https://conda.anaconda.org/conda-forge/win-64/blosc-1.21.4-hdccc3a2_0.conda#6d88663e0ddd031e0d41f2913bbe10cc
https://conda.anaconda.org/conda-forge/win-64/boost-cpp-1.78.0-h9f4b32c_3.conda#09805934b78b0cd1a28d9e72a2a4778b
https://conda.anaconda.org/conda-forge/win-64/brotli-bin-1.0.9-hcfcfb64_9.conda#ba8ae6c24cf47da3fb73270e4f119f08
https://conda.anaconda.org/conda-forge/noarch/certifi-2023.7.22-pyhd8ed1ab_0.conda#7f3dbc9179b4dde7da98dfb151d0ad22
https://conda.anaconda.org/conda-forge/noarch/charset-normalizer-3.2.0-pyhd8ed1ab_0.conda#313516e9a4b08b12dfb1e1cd390a96e3
https://conda.anaconda.org/conda-forge/noarch/cloudpickle-2.2.1-pyhd8ed1ab_0.conda#b325bfc4cff7d7f8a868f1f7ecc4ed16
https://conda.anaconda.org/conda-forge/noarch/colorama-0.4.6-pyhd8ed1ab_0.tar.bz2#3faab06a954c2a04039983f2c4a50d99
https://conda.anaconda.org/conda-forge/noarch/cycler-0.11.0-pyhd8ed1ab_0.tar.bz2#a50559fad0affdbb33729a68669ca1cb
https://conda.anaconda.org/conda-forge/noarch/entrypoints-0.4-pyhd8ed1ab_0.tar.bz2#3cf04868fee0a029769bd41f4b2fbf2d
https://conda.anaconda.org/conda-forge/noarch/exceptiongroup-1.1.2-pyhd8ed1ab_0.conda#de4cb3384374e1411f0454edcf546cdb
https://conda.anaconda.org/conda-forge/noarch/fasteners-0.17.3-pyhd8ed1ab_0.tar.bz2#348e27e78a5e39090031448c72f66d5e
https://conda.anaconda.org/conda-forge/noarch/fastprogress-1.0.3-pyhd8ed1ab_0.tar.bz2#1690639d3647fde6edf4f00c8f87c263
https://conda.anaconda.org/conda-forge/win-64/freetype-2.12.1-h546665d_1.conda#1b513009cd012591f3fdc9e03a74ec0a
https://conda.anaconda.org/conda-forge/win-64/frozenlist-1.4.0-py310h8d17308_0.conda#7eba3cb7b26fbaee485f63e84824c7cd
https://conda.anaconda.org/conda-forge/noarch/fsspec-2023.6.0-pyh1a96a4e_0.conda#50ea2067ec92dfcc38b4f07992d7e235
https://conda.anaconda.org/conda-forge/noarch/idna-3.4-pyhd8ed1ab_0.tar.bz2#34272b248891bddccc64479f9a7fffed
https://conda.anaconda.org/conda-forge/noarch/iniconfig-2.0.0-pyhd8ed1ab_0.conda#f800d2da156d08e289b14e87e43c1ae5
https://conda.anaconda.org/conda-forge/noarch/jmespath-1.0.1-pyhd8ed1ab_0.tar.bz2#2cfa3e1cf3fb51bb9b17acc5b5e9ea11
https://conda.anaconda.org/conda-forge/win-64/kiwisolver-1.4.4-py310h232114e_1.tar.bz2#c55fe943d5f212d49d27d08580f5a610
https://conda.anaconda.org/conda-forge/win-64/libarchive-3.6.2-h6f8411a_1.conda#314124476882f64abc20b76148d2909b
https://conda.anaconda.org/conda-forge/win-64/libclang13-16.0.6-default_hc80b9e7_1.conda#08f43b2b0cc18cb32d106a6e6a0ca128
https://conda.anaconda.org/conda-forge/win-64/libcurl-8.1.2-h68f0423_0.conda#94b9b7d0e882461fdb72d8d4e7441746
https://conda.anaconda.org/conda-forge/win-64/libglib-2.76.4-he8f3873_0.conda#8c3f24acdc0403eeb3fb42ab75e8a659
https://conda.anaconda.org/conda-forge/win-64/libgrpc-1.56.2-hea2d5f7_0.conda#240221f7a200e718c242637e6c437b61
https://conda.anaconda.org/conda-forge/win-64/libhwloc-2.9.1-nocuda_h15da153_6.conda#95b1bd8df3033d08ae5125ed69d71194
https://conda.anaconda.org/conda-forge/win-64/libpq-15.3-ha9684e8_1.conda#593fbdd2cd79f98a97cd79cf6115032a
https://conda.anaconda.org/conda-forge/win-64/libthrift-0.18.1-h06f6336_2.conda#42fedb9a585ce5821ed223cd0ceb43c4
https://conda.anaconda.org/conda-forge/win-64/libtiff-4.5.1-h6c8260b_0.conda#cc46fe88f82f9c98bd6858b3f6efb4e0
https://conda.anaconda.org/conda-forge/win-64/llvmlite-0.40.1-py310hb84602e_0.conda#c0010b84acfaf1f7b7db272bb2a5d524
https://conda.anaconda.org/conda-forge/noarch/locket-1.0.0-pyhd8ed1ab_0.tar.bz2#91e27ef3d05cc772ce627e51cff111c4
https://conda.anaconda.org/conda-forge/win-64/lz4-4.3.2-py310hbbb2075_0.conda#6402ef89ed20be188dbf48a238a5c337
https://conda.anaconda.org/conda-forge/win-64/markupsafe-2.1.3-py310h8d17308_0.conda#e6deeae9d0dac4d17c6ef2fa62b3efff
https://conda.anaconda.org/conda-forge/noarch/mdurl-0.1.0-pyhd8ed1ab_0.tar.bz2#f8dab71fdc13b1bf29a01248b156d268
https://conda.anaconda.org/conda-forge/win-64/msgpack-python-1.0.5-py310h232114e_0.conda#03f6096e23f3861934af853ac987c185
https://conda.anaconda.org/conda-forge/win-64/multidict-6.0.4-py310h8d17308_0.conda#23a55d74d8f91c7667555b81030034bf
https://conda.anaconda.org/conda-forge/noarch/munch-4.0.0-pyhd8ed1ab_0.conda#376b32e8f9d3eacbd625f37d39bd507d
https://conda.anaconda.org/conda-forge/noarch/munkres-1.1.4-pyh9f0ad1d_0.tar.bz2#2ba8498c1018c1e9c61eb99b973dfe19
https://conda.anaconda.org/conda-forge/noarch/networkx-3.1-pyhd8ed1ab_0.conda#254f787d5068bc89f578bf63893ce8b4
https://conda.anaconda.org/conda-forge/win-64/orc-1.9.0-hf2b8f0d_1.conda#2d5dfd05e0d6673662f21342caed3d0f
https://conda.anaconda.org/conda-forge/noarch/packaging-23.1-pyhd8ed1ab_0.conda#91cda59e66e1e4afe9476f8ef98f5c30
https://conda.anaconda.org/conda-forge/noarch/param-1.13.0-pyh1a96a4e_0.conda#158eda83fd21a14b8c483c0d1d102397
https://conda.anaconda.org/conda-forge/noarch/pluggy-1.2.0-pyhd8ed1ab_0.conda#7263924c642d22e311d9e59b839f1b33
https://conda.anaconda.org/conda-forge/noarch/ply-3.11-py_1.tar.bz2#7205635cd71531943440fbfe3b6b5727
https://conda.anaconda.org/conda-forge/win-64/psutil-5.9.5-py310h8d17308_0.conda#9f98965e4f7dc2e4eb84abd50406d3a0
https://conda.anaconda.org/conda-forge/win-64/pthread-stubs-0.4-hcd874cb_1001.tar.bz2#a1f820480193ea83582b13249a7e7bd9
https://conda.anaconda.org/conda-forge/noarch/pycparser-2.21-pyhd8ed1ab_0.tar.bz2#076becd9e05608f8dc72757d5f3a91ff
https://conda.anaconda.org/conda-forge/noarch/pyparsing-3.1.0-pyhd8ed1ab_0.conda#d3ed087d1f7f8f5590e8e87b57a8ce64
https://conda.anaconda.org/conda-forge/noarch/pyshp-2.3.1-pyhd8ed1ab_0.tar.bz2#92a889dc236a5197612bc85bee6d7174
https://conda.anaconda.org/conda-forge/noarch/pysocks-1.7.1-pyha2e5f31_6.tar.bz2#2a7de29fb590ca14b5243c4c812c8025
https://conda.anaconda.org/conda-forge/noarch/python-tzdata-2023.3-pyhd8ed1ab_0.conda#2590495f608a63625e165915fb4e2e34
https://conda.anaconda.org/conda-forge/noarch/pytz-2023.3-pyhd8ed1ab_0.conda#d3076b483092a435832603243567bc31
https://conda.anaconda.org/conda-forge/win-64/pyyaml-6.0-py310h8d17308_5.tar.bz2#d0daf3eed98dd2bf4337ed08d8011eb8
https://conda.anaconda.org/conda-forge/win-64/rtree-1.0.1-py310h1cbd46b_2.conda#978ff532b4d35112ae7d981418f76438
https://conda.anaconda.org/conda-forge/noarch/setuptools-68.0.0-pyhd8ed1ab_0.conda#5a7739d0f57ee64133c9d32e6507c46d
https://conda.anaconda.org/conda-forge/noarch/six-1.16.0-pyh6c4a22f_0.tar.bz2#e5f25f8dbc060e9a8d912e432202afc2
https://conda.anaconda.org/conda-forge/noarch/sortedcontainers-2.4.0-pyhd8ed1ab_0.tar.bz2#6d6552722448103793743dabfbda532d
https://conda.anaconda.org/conda-forge/noarch/tblib-1.7.0-pyhd8ed1ab_0.tar.bz2#3d4afc31302aa7be471feb6be048ed76
https://conda.anaconda.org/conda-forge/noarch/threadpoolctl-3.2.0-pyha21a80b_0.conda#978d03388b62173b8e6f79162cf52b86
https://conda.anaconda.org/conda-forge/noarch/toml-0.10.2-pyhd8ed1ab_0.tar.bz2#f832c45a477c78bebd107098db465095
https://conda.anaconda.org/conda-forge/noarch/tomli-2.0.1-pyhd8ed1ab_0.tar.bz2#5844808ffab9ebdb694585b50ba02a96
https://conda.anaconda.org/conda-forge/noarch/toolz-0.12.0-pyhd8ed1ab_0.tar.bz2#92facfec94bc02d6ccf42e7173831a36
https://conda.anaconda.org/conda-forge/win-64/tornado-6.3.2-py310h8d17308_0.conda#6cd035ff75b46eb8ae7403b3dded2def
https://conda.anaconda.org/conda-forge/noarch/traitlets-5.9.0-pyhd8ed1ab_0.conda#d0b4f5c87cd35ac3fb3d47b223263a64
https://conda.anaconda.org/conda-forge/noarch/typing_extensions-4.7.1-pyha770c72_0.conda#c39d6a09fe819de4951c2642629d9115
https://conda.anaconda.org/conda-forge/noarch/uc-micro-py-1.0.1-pyhd8ed1ab_0.tar.bz2#3ddf6684d9b274a12c94e509ca45656c
https://conda.anaconda.org/conda-forge/win-64/unicodedata2-15.0.0-py310h8d17308_0.tar.bz2#5d14ba562f7740b64be9c8059498cfbf
https://conda.anaconda.org/conda-forge/noarch/webencodings-0.5.1-py_1.tar.bz2#3563be4c5611a44210d9ba0c16113136
https://conda.anaconda.org/conda-forge/noarch/wheel-0.41.0-pyhd8ed1ab_0.conda#66beb36a1fa7e0dc9d9bf843a80eb82c
https://conda.anaconda.org/conda-forge/win-64/wrapt-1.15.0-py310h8d17308_0.conda#2ec4d850e6fbe1da9971a7bb801a1ebd
https://conda.anaconda.org/conda-forge/win-64/xorg-libxau-1.0.11-hcd874cb_0.conda#c46ba8712093cb0114404ae8a7582e1a
https://conda.anaconda.org/conda-forge/win-64/xorg-libxdmcp-1.1.3-hcd874cb_0.tar.bz2#46878ebb6b9cbd8afcf8088d7ef00ece
https://conda.anaconda.org/conda-forge/noarch/xyzservices-2023.7.0-pyhd8ed1ab_0.conda#aacae3c0eaba0204dc6c5497c93c7992
https://conda.anaconda.org/conda-forge/noarch/zict-3.0.0-pyhd8ed1ab_0.conda#cf30c2c15b82aacb07f9c09e28ff2275
https://conda.anaconda.org/conda-forge/noarch/zipp-3.16.2-pyhd8ed1ab_0.conda#2da0451b54c4563c32490cb1b7cf68a1
https://conda.anaconda.org/conda-forge/noarch/aioitertools-0.11.0-pyhd8ed1ab_0.tar.bz2#59c40397276a286241c65faec5e1be3c
https://conda.anaconda.org/conda-forge/noarch/aiosignal-1.3.1-pyhd8ed1ab_0.tar.bz2#d1e1eb7e21a9e2c74279d87dafb68156
https://conda.anaconda.org/conda-forge/win-64/aws-c-event-stream-0.3.1-had47b81_1.conda#d28e6d856f375d1522fe536be225f301
https://conda.anaconda.org/conda-forge/win-64/aws-c-http-0.7.11-h72ba615_0.conda#52eb0edd90c62d8989d40f2a3b08c049
https://conda.anaconda.org/conda-forge/noarch/bleach-6.0.0-pyhd8ed1ab_0.conda#d48b143d01385872a88ef8417e96c30e
https://conda.anaconda.org/conda-forge/win-64/brotli-1.0.9-hcfcfb64_9.conda#5275e2634840f6d156934a16b7c0c813
https://conda.anaconda.org/conda-forge/win-64/cffi-1.15.1-py310h628cb3f_3.conda#b7ca236d34501eb6a70691c1e29a0234
https://conda.anaconda.org/conda-forge/win-64/cfitsio-4.2.0-h9ebe7e4_0.conda#cccd314cbeea4f2f70f73c763d9660e8
https://conda.anaconda.org/conda-forge/noarch/click-8.1.6-win_pyh7428d3b_0.conda#c1e57b6771510a3d2648ed6e76277391
https://conda.anaconda.org/conda-forge/win-64/curl-8.1.2-h68f0423_0.conda#fc67d347f9eaa7922fd7bc26bfa5419b
https://conda.anaconda.org/conda-forge/win-64/cytoolz-0.12.2-py310h8d17308_0.conda#4f3bfcb6a204a7939894ccd7cda9ca3e
https://conda.anaconda.org/conda-forge/win-64/fontconfig-2.14.2-hbde0cde_0.conda#08767992f1a4f1336a257af1241034bd
https://conda.anaconda.org/conda-forge/win-64/glib-tools-2.76.4-h12be248_0.conda#88237d3ddd338164196043cb7e927246
https://conda.anaconda.org/conda-forge/win-64/hdf5-1.14.1-nompi_h73e8ff5_100.conda#baa1a74c11b8b3bd353590602c84aba7
https://conda.anaconda.org/conda-forge/noarch/importlib-metadata-6.8.0-pyha770c72_0.conda#4e9f59a060c3be52bc4ddc46ee9b6946
https://conda.anaconda.org/conda-forge/noarch/importlib_resources-6.0.0-pyhd8ed1ab_1.conda#a08b6be5bf18b9d2a927d3457750f82e
https://conda.anaconda.org/conda-forge/noarch/jinja2-3.1.2-pyhd8ed1ab_1.tar.bz2#c8490ed5c70966d232fdd389d0dbed37
https://conda.anaconda.org/conda-forge/noarch/joblib-1.3.0-pyhd8ed1ab_1.conda#fb4caf6da228ccc487350eade569abae
https://conda.anaconda.org/conda-forge/win-64/lcms2-2.15-h3e3b177_1.conda#a76c36ad1b4b87f038d67890122d08ec
https://conda.anaconda.org/conda-forge/win-64/libclang-16.0.6-default_heb8d277_1.conda#d73d862f5654709b23cf782fff51ce30
https://conda.anaconda.org/conda-forge/win-64/libgoogle-cloud-2.12.0-hbc1b25b_1.conda#204576c98cf2226c0423c6eeb387889e
https://conda.anaconda.org/conda-forge/win-64/libkml-1.3.0-hf2ab4e4_1015.tar.bz2#1f50b25e87cefda820cb71fb643bc021
https://conda.anaconda.org/conda-forge/win-64/libxcb-1.15-hcd874cb_0.conda#090d91b69396f14afef450c285f9758c
https://conda.anaconda.org/conda-forge/noarch/linkify-it-py-2.0.0-pyhd8ed1ab_0.tar.bz2#25b93e66067eb496ac10da888e25cc33
https://conda.anaconda.org/conda-forge/noarch/markdown-it-py-2.2.0-pyhd8ed1ab_0.conda#b2928a6c6d52d7e3562b4a59c3214e3a
https://conda.anaconda.org/conda-forge/noarch/multipledispatch-0.6.0-py_0.tar.bz2#1073dc92c8f247d94ac14dd79ca0bbec
https://conda.anaconda.org/conda-forge/win-64/openjpeg-2.5.0-ha2aaf27_2.conda#db0490689232e8e38c312281df6f31a2
https://conda.anaconda.org/conda-forge/noarch/partd-1.4.0-pyhd8ed1ab_0.conda#721dab5803ea92ce02ddc4ee50aa0c48
https://conda.anaconda.org/conda-forge/noarch/pint-0.22-pyhd8ed1ab_1.conda#a719c3f3959c529e558e9ed9f98c3f30
https://conda.anaconda.org/conda-forge/noarch/pip-23.2.1-pyhd8ed1ab_0.conda#e2783aa3f9235225eec92f9081c5b801
https://conda.anaconda.org/conda-forge/win-64/postgresql-15.3-h96452e4_1.conda#26c2efbaa34ccc64e5e57dbdd2d38cc4
https://conda.anaconda.org/conda-forge/win-64/proj-9.2.1-h660b3b0_0.conda#1ff5597fae975490b84dd69bffdebdff
https://conda.anaconda.org/conda-forge/noarch/pyct-core-0.4.6-py_0.tar.bz2#55ec526f95e0959de3f68bc6289a20da
https://conda.anaconda.org/conda-forge/noarch/pytest-7.4.0-pyhd8ed1ab_0.conda#3cfe9b9e958e7238a386933c75d190db
https://conda.anaconda.org/conda-forge/noarch/python-dateutil-2.8.2-pyhd8ed1ab_0.tar.bz2#dd999d1cc9f79e67dbb855c8924c7984
https://conda.anaconda.org/conda-forge/noarch/pyviz_comms-2.3.2-pyhd8ed1ab_0.conda#7c85b365bd17652f66a961446a963b40
https://conda.anaconda.org/conda-forge/win-64/sip-6.7.9-py310h00ffb61_0.conda#a249b5eefc4c36146ade59e2b237b7fd
https://conda.anaconda.org/conda-forge/win-64/tbb-2021.9.0-h91493d7_0.conda#6aa3f1becefeaa00a4d2a79b2a478aee
https://conda.anaconda.org/conda-forge/noarch/tqdm-4.65.0-pyhd8ed1ab_1.conda#ed792aff3acb977d09c7013358097f83
https://conda.anaconda.org/conda-forge/noarch/typing-extensions-4.7.1-hd8ed1ab_0.conda#f96688577f1faa58096d06a45136afa2
https://conda.anaconda.org/conda-forge/win-64/yarl-1.9.2-py310h8d17308_0.conda#0dfd2f264553d751449a0585d030adf7
https://conda.anaconda.org/conda-forge/noarch/annotated-types-0.5.0-pyhd8ed1ab_0.conda#578ae086f225bc2380c79f3b551ff2f7
https://conda.anaconda.org/conda-forge/noarch/async-timeout-4.0.2-pyhd8ed1ab_0.tar.bz2#25e79f9a1133556671becbd65a170c78
https://conda.anaconda.org/conda-forge/win-64/aws-c-auth-0.7.0-h6f3c987_2.conda#51bbe4665bff04871708e71e72e2f66b
https://conda.anaconda.org/conda-forge/win-64/aws-c-mqtt-0.8.14-h4941efa_2.conda#2a8e5da1ab9c808c363ea50311318619
https://conda.anaconda.org/conda-forge/noarch/branca-0.6.0-pyhd8ed1ab_0.tar.bz2#f4cc65697763ef8c2f7555f1ec355a6b
https://conda.anaconda.org/conda-forge/win-64/brotlipy-0.7.0-py310h8d17308_1005.tar.bz2#6cb010e0fa21d7b606a13038a89ccbc2
https://conda.anaconda.org/conda-forge/win-64/cairo-1.16.0-hdecc03f_1016.conda#d5a082e08ff9a0206ad03ebb0fafdf8d
https://conda.anaconda.org/conda-forge/noarch/click-plugins-1.1.1-py_0.tar.bz2#4fd2c6b53934bd7d96d1f3fdaf99b79f
https://conda.anaconda.org/conda-forge/noarch/cligj-0.7.2-pyhd8ed1ab_1.tar.bz2#a29b7c141d6b2de4bb67788a5f107734
https://conda.anaconda.org/conda-forge/win-64/cryptography-41.0.2-py310h6e82f81_0.conda#507f1964c07ee129d1317e601a2bfb94
https://conda.anaconda.org/conda-forge/win-64/fonttools-4.41.1-py310h8d17308_0.conda#391ce50729d239ed792b23212347bdb3
https://conda.anaconda.org/conda-forge/win-64/geotiff-1.7.1-h4e61e90_11.conda#28a9d7202ce47bc2e415e59010e15da0
https://conda.anaconda.org/conda-forge/win-64/glib-2.76.4-h12be248_0.conda#4d7ae53ee4b7e08f3fbd1d3a7efd4812
https://conda.anaconda.org/conda-forge/noarch/importlib_metadata-6.8.0-hd8ed1ab_0.conda#b279b07ce18058034e5b3606ba103a8b
https://conda.anaconda.org/conda-forge/win-64/kealib-1.5.1-h96def13_4.conda#a17cddc32557b4dbb40afff062294fb5
https://conda.anaconda.org/conda-forge/win-64/libnetcdf-4.9.2-nompi_h5902ca5_107.conda#0950c77b05f5b6a0e75a3a2a0d2028dc
https://conda.anaconda.org/conda-forge/win-64/libspatialite-5.0.1-hf8d749d_27.conda#78ea003fc21af1b3f7380b9a0dbe34a7
https://conda.anaconda.org/conda-forge/noarch/markdown-3.4.3-pyhd8ed1ab_0.conda#89ed59ad509c05db6f5f2f573d499bfe
https://conda.anaconda.org/conda-forge/noarch/mdit-py-plugins-0.4.0-pyhd8ed1ab_0.conda#6c5358a10873a15398b6f15f60cb5e1f
https://conda.anaconda.org/conda-forge/win-64/mkl-2022.1.0-h6a75c08_874.tar.bz2#2ff89a7337a9636029b4db9466e9f8e3
https://conda.anaconda.org/conda-forge/win-64/pillow-10.0.0-py310hb653ca7_0.conda#413d2afa89b5362d25f6c243510833e0
https://conda.anaconda.org/conda-forge/noarch/platformdirs-3.9.1-pyhd8ed1ab_0.conda#044e7a1e0ad42c4e67110bd078150a63
https://conda.anaconda.org/conda-forge/win-64/pydantic-core-2.3.0-py310h87d50f1_0.conda#79a46776302e6f3e975cca957ddfd29f
https://conda.anaconda.org/conda-forge/win-64/pyproj-3.6.0-py310h9eaace1_1.conda#da7bf9e04294d9a95f10faf88b576975
https://conda.anaconda.org/conda-forge/win-64/pyqt5-sip-12.11.0-py310h00ffb61_3.conda#a4c757150f616bae079bc08cea956138
https://conda.anaconda.org/conda-forge/win-64/tiledb-2.13.2-h3132609_0.conda#07426c5e1301448738f66686548d41ff
https://conda.anaconda.org/conda-forge/win-64/aiohttp-3.8.5-py310h8d17308_0.conda#cb4d6c6556ca7dfad7f75b1b371ecb30
https://conda.anaconda.org/conda-forge/win-64/aws-c-s3-0.3.13-he04eaa7_2.conda#f68af24bfb6d2e461e7445fd71b78362
https://conda.anaconda.org/conda-forge/noarch/dask-core-2023.7.1-pyhd8ed1ab_0.conda#c680b05515f9692a3ba253dfa7d85465
https://conda.anaconda.org/conda-forge/win-64/gstreamer-1.22.5-hb4038d2_0.conda#489c30d6f35bdbea9a79c369cde19c6f
https://conda.anaconda.org/conda-forge/win-64/libblas-3.9.0-17_win64_mkl.conda#9e42ac6b256b96bfaa19f829c25940e8
https://conda.anaconda.org/conda-forge/win-64/poppler-23.05.0-h45d20d0_1.conda#4777ef1e95163f5fc3476c4c6abdf3bd
https://conda.anaconda.org/conda-forge/noarch/pydantic-2.0.3-pyhd8ed1ab_1.conda#77753c350c42e70dd3e9919dd8099fc7
https://conda.anaconda.org/conda-forge/noarch/pyopenssl-23.2.0-pyhd8ed1ab_1.conda#34f7d568bf59d18e3fef8c405cbece21
https://conda.anaconda.org/conda-forge/win-64/aws-crt-cpp-0.20.3-h247a981_4.conda#1a05ce280e41b3c5eaf7e9e37e30a9b9
https://conda.anaconda.org/conda-forge/win-64/gst-plugins-base-1.22.5-h001b923_0.conda#56cea78b747eaf6e8ec60cfbbf0416ff
https://conda.anaconda.org/conda-forge/win-64/libcblas-3.9.0-17_win64_mkl.conda#768b2c3be666ecf9e62f939ea919f819
https://conda.anaconda.org/conda-forge/win-64/libgdal-3.7.0-h123a834_3.conda#123c42d0d714f1cf2ac73adb4f5378ce
https://conda.anaconda.org/conda-forge/win-64/liblapack-3.9.0-17_win64_mkl.conda#278121fe8f0d65d496998aa290f36322
https://conda.anaconda.org/conda-forge/noarch/urllib3-1.26.15-pyhd8ed1ab_0.conda#27db656619a55d727eaf5a6ece3d2fd6
https://conda.anaconda.org/conda-forge/win-64/aws-sdk-cpp-1.10.57-h1a0519f_17.conda#db79b1324ee48b8441fda946d15f180a
https://conda.anaconda.org/conda-forge/noarch/botocore-1.29.76-pyhd8ed1ab_0.conda#c23737efb6d9e44fa00795cded4f5ed9
https://conda.anaconda.org/conda-forge/noarch/distributed-2023.7.1-pyhd8ed1ab_0.conda#c97773468da04fa2d57ebc9dde59fbe3
https://conda.anaconda.org/conda-forge/win-64/numpy-1.24.4-py310hd02465a_0.conda#243e868369165ebc2a960d5acfb38a3f
https://conda.anaconda.org/conda-forge/win-64/qt-main-5.15.8-h2c8576c_12.conda#6305901f3a783f64087998c012b76589
https://conda.anaconda.org/conda-forge/noarch/requests-2.31.0-pyhd8ed1ab_0.conda#a30144e4156cdbb236f99ebb49828f8b
https://conda.anaconda.org/conda-forge/noarch/aiobotocore-2.5.0-pyhd8ed1ab_0.conda#7e3b07efee162390a72ef004440198c1
https://conda.anaconda.org/conda-forge/win-64/cftime-1.6.2-py310h9b08ddd_1.tar.bz2#6d26114b7e1313d82e85570789bd9ad0
https://conda.anaconda.org/conda-forge/win-64/contourpy-1.1.0-py310h232114e_0.conda#4079a644cfc3b1fbd72571dc0a87ea33
https://conda.anaconda.org/conda-forge/noarch/datashape-0.5.4-py_1.tar.bz2#50ddfce434ea596fc4497085f403a9d5
https://conda.anaconda.org/conda-forge/noarch/folium-0.14.0-pyhd8ed1ab_0.conda#48c8bb19df0d0268f1a9d30ffc56c5b0
https://conda.anaconda.org/conda-forge/win-64/gdal-3.7.0-py310hbbf4baf_3.conda#8f11c5879a81df9df98442023208b7f2
https://conda.anaconda.org/conda-forge/win-64/libarrow-12.0.1-h0578746_5_cpu.conda#09883cd325bb5af5944ce8aac9b292d8
https://conda.anaconda.org/conda-forge/win-64/numba-0.57.1-py310h19bcfe9_0.conda#2b62ef412f4d34193128d615cc4e3fa6
https://conda.anaconda.org/conda-forge/win-64/numcodecs-0.11.0-py310h00ffb61_1.conda#921d46c28b9fd03223f34b1f733093a9
https://conda.anaconda.org/conda-forge/win-64/pandas-2.0.3-py310h1c4a608_1.conda#9fb6d4a7414daf2aa66ddfa14d568fd0
https://conda.anaconda.org/conda-forge/noarch/pooch-1.7.0-pyha770c72_3.conda#5936894aade8240c867d292aa0d980c6
https://conda.anaconda.org/conda-forge/noarch/pyct-0.4.6-py_0.tar.bz2#42d91c89bc3993ec88681cffd3c0e326
https://conda.anaconda.org/conda-forge/win-64/pygeos-0.14-py310h91617ff_1.conda#3d084904fb7abe18ed3ecdcb64fbdadb
https://conda.anaconda.org/conda-forge/win-64/pyqt-5.15.7-py310h1fd54f2_3.conda#4012c5ed74c63b82c344e38cf3e68a26
https://conda.anaconda.org/conda-forge/win-64/shapely-2.0.1-py310h91617ff_1.conda#282691c33609bea10155951d22cfb112
https://conda.anaconda.org/conda-forge/noarch/snuggs-1.4.7-py_0.tar.bz2#cb83a3d6ecf73f50117635192414426a
https://conda.anaconda.org/conda-forge/noarch/bokeh-3.1.1-pyhd8ed1ab_0.conda#07401431ba1c7fae695814ae3528312a
https://conda.anaconda.org/conda-forge/noarch/colorcet-3.0.1-pyhd8ed1ab_0.tar.bz2#1e424f22b3e2713068fe12d57f2dec5b
https://conda.anaconda.org/conda-forge/win-64/fiona-1.9.4-py310hcaea34d_0.conda#4be0f306703f9b18f58e730b80f8dfe0
https://conda.anaconda.org/conda-forge/noarch/geopandas-base-0.13.2-pyha770c72_1.conda#c6036236caae7d8ac684c41c64073b9e
https://conda.anaconda.org/conda-forge/win-64/matplotlib-base-3.7.1-py310h51140c5_0.conda#d8c42a72d04ad1b93ba7269e9949738e
https://conda.anaconda.org/conda-forge/win-64/netcdf4-1.6.4-nompi_py310he12c0ce_101.conda#dcbfcc7731c2aa3ebfb63e02ff4817a1
https://conda.anaconda.org/conda-forge/win-64/pyarrow-12.0.1-py310hd1a9178_5_cpu.conda#a6b8c9767f324dfcf40c41e71ad55c9f
https://conda.anaconda.org/conda-forge/win-64/rasterio-1.3.8-py310h29ae91d_0.conda#a7c9deb2204e86f55a5e6b288c52eced
https://conda.anaconda.org/conda-forge/noarch/s3fs-2023.6.0-pyhd8ed1ab_0.conda#6c06cee0c302aca34978d8e0ae617880
https://conda.anaconda.org/conda-forge/win-64/scipy-1.11.1-py310h578b7cb_0.conda#fb85b2c96db5aff50625fea18794c929
https://conda.anaconda.org/conda-forge/noarch/xarray-2023.6.0-pyhd8ed1ab_0.conda#fab9606afac36f1127222f788b336fb9
https://conda.anaconda.org/conda-forge/noarch/zarr-2.15.0-pyhd8ed1ab_1.conda#8c76898cf5e6c4f2ddede124bd65a64c
https://conda.anaconda.org/conda-forge/win-64/cartopy-0.21.1-py310hdfb2c83_1.conda#719657698645d2c1cf09ed7088ce8846
https://conda.anaconda.org/conda-forge/noarch/dask-2023.7.1-pyhd8ed1ab_0.conda#6cf42e7860cf46630fd5faf83386ff5d
https://conda.anaconda.org/conda-forge/noarch/datashader-0.15.1-pyhd8ed1ab_0.conda#45c561624e81592aae7d406f265e047f
https://conda.anaconda.org/conda-forge/win-64/matplotlib-3.7.1-py310h5588dad_0.conda#edfb6c85499499b014a09b8136e0fdbb
https://conda.anaconda.org/conda-forge/noarch/panel-1.1.1-pyhd8ed1ab_0.conda#d28a7a4ea48bc92da4c08ae55d95a630
https://conda.anaconda.org/conda-forge/noarch/pint-xarray-0.3-pyhd8ed1ab_0.tar.bz2#d748055363d88b1e90b5ba316982e165
https://conda.anaconda.org/conda-forge/noarch/rioxarray-0.14.1-pyhd8ed1ab_0.conda#5156f4c96119e2832419a9b17cb82cab
https://conda.anaconda.org/conda-forge/win-64/scikit-learn-1.3.0-py310hd266714_0.conda#09a81c2a9638ef67e948dd638b5c9f9d
https://conda.anaconda.org/conda-forge/noarch/holoviews-1.16.2-pyhd8ed1ab_0.conda#cd0595cf5f97d5ef8843ac806c72ed47
https://conda.anaconda.org/conda-forge/noarch/intake-0.7.0-pyhd8ed1ab_0.conda#310f0fdaec6eecd9cc7833a788bafb1f
https://conda.anaconda.org/conda-forge/noarch/mapclassify-2.5.0-pyhd8ed1ab_1.conda#db1aeaff6e248db425e049feffded7a9
https://conda.anaconda.org/conda-forge/noarch/metpy-1.5.0-pyhd8ed1ab_0.conda#822123cb3ebcb0b3246088ab4eea963b
https://conda.anaconda.org/conda-forge/noarch/xmip-0.7.1-pyhd8ed1ab_0.conda#e70793265785700648629a38c1154b1c
https://conda.anaconda.org/conda-forge/noarch/geopandas-0.13.2-pyhd8ed1ab_1.conda#47226a55e4ae3bc9feb3a17925874817
https://conda.anaconda.org/conda-forge/noarch/geoviews-core-1.10.0-pyha770c72_0.conda#76d74af63f92b41a768b53b5ed530387
https://conda.anaconda.org/conda-forge/noarch/hvplot-0.8.4-pyhd8ed1ab_1.conda#b02a0a999d462b9dc737393725b8bcdb
https://conda.anaconda.org/conda-forge/noarch/intake-esm-2023.6.14-pyhd8ed1ab_0.conda#e97e6b50bb97ee0229469bcee68d34d5
https://conda.anaconda.org/conda-forge/noarch/intake-xarray-0.7.0-pyhd8ed1ab_0.conda#d6471673fac9fa8f13a2517315ffcf6b
https://conda.anaconda.org/conda-forge/noarch/geoviews-1.10.0-pyhd8ed1ab_0.conda#7a519d88be20512ec8da9d91a52b1d9b
https://conda.anaconda.org/conda-forge/noarch/intake-geopandas-0.4.0-pyhd8ed1ab_0.tar.bz2#5d6429a927d1ef3c0d26d81f5d7b31f0
